{
  "version": "5",
  "specifiers": {
    "jsr:@luca/esbuild-deno-loader@0.10.3": "0.10.3",
    "jsr:@oak/commons@0.11": "0.11.0",
    "jsr:@oak/oak@16.1.0": "16.1.0",
    "jsr:@std/assert@0.223": "0.223.0",
    "jsr:@std/assert@0.224": "0.224.0",
    "jsr:@std/assert@0.226": "0.226.0",
    "jsr:@std/assert@~0.213.1": "0.213.1",
    "jsr:@std/bytes@0.223": "0.223.0",
    "jsr:@std/bytes@0.224": "0.224.0",
    "jsr:@std/crypto@0.223": "0.223.0",
    "jsr:@std/crypto@0.224": "0.224.0",
    "jsr:@std/encoding@0.213": "0.213.1",
    "jsr:@std/encoding@0.223": "0.223.0",
    "jsr:@std/encoding@1.0.0-rc.2": "1.0.0-rc.2",
    "jsr:@std/http@0.223": "0.223.0",
    "jsr:@std/http@0.224": "0.224.5",
    "jsr:@std/io@0.223": "0.223.0",
    "jsr:@std/jsonc@0.213": "0.213.1",
    "jsr:@std/media-types@0.223": "0.223.0",
    "jsr:@std/media-types@0.224": "0.224.1",
    "jsr:@std/path@0.213": "0.213.1",
    "jsr:@std/path@0.223": "0.223.0",
    "npm:esbuild-plugin-solid@0.6.0": "0.6.0_esbuild@0.27.2_solid-js@1.8.17__seroval@1.4.2_@babel+core@7.28.5",
    "npm:path-to-regexp@6.2.1": "6.2.1",
    "npm:solid-js@1.8.17": "1.8.17_seroval@1.4.2"
  },
  "jsr": {
    "@luca/esbuild-deno-loader@0.10.3": {
      "integrity": "32fc93f7e7f78060234fd5929a740668aab1c742b808c6048b57f9aaea514921",
      "dependencies": [
        "jsr:@std/encoding@0.213",
        "jsr:@std/jsonc",
        "jsr:@std/path@0.213"
      ]
    },
    "@oak/commons@0.11.0": {
      "integrity": "07702bfe5c07cd8144c422022994da1f9fea466b185824f4be63a2b1b1a65125",
      "dependencies": [
        "jsr:@std/assert@0.226",
        "jsr:@std/bytes@0.224",
        "jsr:@std/crypto@0.224",
        "jsr:@std/http@0.224",
        "jsr:@std/media-types@0.224"
      ]
    },
    "@oak/oak@16.1.0": {
      "integrity": "ab21506555fffeb08dc8f45ff5d28607e8087949ff58bd2964b27df65994480b",
      "dependencies": [
        "jsr:@oak/commons",
        "jsr:@std/assert@0.223",
        "jsr:@std/bytes@0.223",
        "jsr:@std/crypto@0.223",
        "jsr:@std/http@0.223",
        "jsr:@std/io",
        "jsr:@std/media-types@0.223",
        "jsr:@std/path@0.223",
        "npm:path-to-regexp"
      ]
    },
    "@std/assert@0.213.1": {
      "integrity": "24c28178b30c8e0782c18e8e94ea72b16282207569cdd10ffb9d1d26f2edebfe"
    },
    "@std/assert@0.223.0": {
      "integrity": "eb8d6d879d76e1cc431205bd346ed4d88dc051c6366365b1af47034b0670be24"
    },
    "@std/assert@0.224.0": {
      "integrity": "8643233ec7aec38a940a8264a6e3eed9bfa44e7a71cc6b3c8874213ff401967f"
    },
    "@std/assert@0.226.0": {
      "integrity": "0dfb5f7c7723c18cec118e080fec76ce15b4c31154b15ad2bd74822603ef75b3"
    },
    "@std/bytes@0.223.0": {
      "integrity": "84b75052cd8680942c397c2631318772b295019098f40aac5c36cead4cba51a8"
    },
    "@std/bytes@0.224.0": {
      "integrity": "a2250e1d0eb7d1c5a426f21267ab9bdeac2447fa87a3d0d1a467d3f7a6058e49"
    },
    "@std/crypto@0.223.0": {
      "integrity": "1aa9555ff56b09e197ad988ea200f84bc6781fd4fd83f3a156ee44449af93000",
      "dependencies": [
        "jsr:@std/assert@0.223",
        "jsr:@std/encoding@0.223"
      ]
    },
    "@std/crypto@0.224.0": {
      "integrity": "154ef3ff08ef535562ef1a718718c5b2c5fc3808f0f9100daad69e829bfcdf2d",
      "dependencies": [
        "jsr:@std/assert@0.224"
      ]
    },
    "@std/encoding@0.213.1": {
      "integrity": "fcbb6928713dde941a18ca5db88ca1544d0755ec8fb20fe61e2dc8144b390c62"
    },
    "@std/encoding@0.223.0": {
      "integrity": "2b5615a75e00337ce113f34cf2f9b8c18182c751a8dcc8b1a2c2fc0e117bef00"
    },
    "@std/encoding@1.0.0-rc.2": {
      "integrity": "160d7674a20ebfbccdf610b3801fee91cf6e42d1c106dd46bbaf46e395cd35ef"
    },
    "@std/http@0.223.0": {
      "integrity": "15ab8a0c5a7e9d5be017a15b01600f20f66602ceec48b378939fa24fcec522aa",
      "dependencies": [
        "jsr:@std/assert@0.223",
        "jsr:@std/encoding@0.223"
      ]
    },
    "@std/http@0.224.5": {
      "integrity": "b03b5d1529f6c423badfb82f6640f9f2557b4034cd7c30655ba5bb447ff750a4",
      "dependencies": [
        "jsr:@std/encoding@1.0.0-rc.2"
      ]
    },
    "@std/io@0.223.0": {
      "integrity": "2d8c3c2ab3a515619b90da2c6ff5ea7b75a94383259ef4d02116b228393f84f1",
      "dependencies": [
        "jsr:@std/bytes@0.223"
      ]
    },
    "@std/jsonc@0.213.1": {
      "integrity": "5578f21aa583b7eb7317eed077ffcde47b294f1056bdbb9aacec407758637bfe",
      "dependencies": [
        "jsr:@std/assert@~0.213.1"
      ]
    },
    "@std/media-types@0.223.0": {
      "integrity": "84684680c2eb6bc6d9369c6d6f26a49decaf2c7603ff531862dda575d9d6776e"
    },
    "@std/media-types@0.224.1": {
      "integrity": "9e69a5daed37c5b5c6d3ce4731dc191f80e67f79bed392b0957d1d03b87f11e1"
    },
    "@std/path@0.213.1": {
      "integrity": "f187bf278a172752e02fcbacf6bd78a335ed320d080a7ed3a5a59c3e88abc673",
      "dependencies": [
        "jsr:@std/assert@~0.213.1"
      ]
    },
    "@std/path@0.223.0": {
      "integrity": "593963402d7e6597f5a6e620931661053572c982fc014000459edc1f93cc3989",
      "dependencies": [
        "jsr:@std/assert@0.223"
      ]
    }
  },
  "npm": {
    "@babel/code-frame@7.27.1": {
      "integrity": "sha512-cjQ7ZlQ0Mv3b47hABuTevyTuYN4i+loJKGeV9flcCgIK37cCXRh+L1bd3iBHlynerhQ7BhCkn2BPbQUL+rGqFg==",
      "dependencies": [
        "@babel/helper-validator-identifier",
        "js-tokens",
        "picocolors"
      ]
    },
    "@babel/compat-data@7.28.5": {
      "integrity": "sha512-6uFXyCayocRbqhZOB+6XcuZbkMNimwfVGFji8CTZnCzOHVGvDqzvitu1re2AU5LROliz7eQPhB8CpAMvnx9EjA=="
    },
    "@babel/core@7.28.5": {
      "integrity": "sha512-e7jT4DxYvIDLk1ZHmU/m/mB19rex9sv0c2ftBtjSBv+kVM/902eh0fINUzD7UwLLNR+jU585GxUJ8/EBfAM5fw==",
      "dependencies": [
        "@babel/code-frame",
        "@babel/generator",
        "@babel/helper-compilation-targets",
        "@babel/helper-module-transforms",
        "@babel/helpers",
        "@babel/parser",
        "@babel/template",
        "@babel/traverse",
        "@babel/types",
        "@jridgewell/remapping",
        "convert-source-map",
        "debug",
        "gensync",
        "json5",
        "semver"
      ]
    },
    "@babel/generator@7.28.5": {
      "integrity": "sha512-3EwLFhZ38J4VyIP6WNtt2kUdW9dokXA9Cr4IVIFHuCpZ3H8/YFOl5JjZHisrn1fATPBmKKqXzDFvh9fUwHz6CQ==",
      "dependencies": [
        "@babel/parser",
        "@babel/types",
        "@jridgewell/gen-mapping",
        "@jridgewell/trace-mapping",
        "jsesc"
      ]
    },
    "@babel/helper-annotate-as-pure@7.27.3": {
      "integrity": "sha512-fXSwMQqitTGeHLBC08Eq5yXz2m37E4pJX1qAU1+2cNedz/ifv/bVXft90VeSav5nFO61EcNgwr0aJxbyPaWBPg==",
      "dependencies": [
        "@babel/types"
      ]
    },
    "@babel/helper-compilation-targets@7.27.2": {
      "integrity": "sha512-2+1thGUUWWjLTYTHZWK1n8Yga0ijBz1XAhUXcKy81rd5g6yh7hGqMp45v7cadSbEHc9G3OTv45SyneRN3ps4DQ==",
      "dependencies": [
        "@babel/compat-data",
        "@babel/helper-validator-option",
        "browserslist",
        "lru-cache",
        "semver"
      ]
    },
    "@babel/helper-create-class-features-plugin@7.28.5_@babel+core@7.28.5": {
      "integrity": "sha512-q3WC4JfdODypvxArsJQROfupPBq9+lMwjKq7C33GhbFYJsufD0yd/ziwD+hJucLeWsnFPWZjsU2DNFqBPE7jwQ==",
      "dependencies": [
        "@babel/core",
        "@babel/helper-annotate-as-pure",
        "@babel/helper-member-expression-to-functions",
        "@babel/helper-optimise-call-expression",
        "@babel/helper-replace-supers",
        "@babel/helper-skip-transparent-expression-wrappers",
        "@babel/traverse",
        "semver"
      ]
    },
    "@babel/helper-globals@7.28.0": {
      "integrity": "sha512-+W6cISkXFa1jXsDEdYA8HeevQT/FULhxzR99pxphltZcVaugps53THCeiWA8SguxxpSp3gKPiuYfSWopkLQ4hw=="
    },
    "@babel/helper-member-expression-to-functions@7.28.5": {
      "integrity": "sha512-cwM7SBRZcPCLgl8a7cY0soT1SptSzAlMH39vwiRpOQkJlh53r5hdHwLSCZpQdVLT39sZt+CRpNwYG4Y2v77atg==",
      "dependencies": [
        "@babel/traverse",
        "@babel/types"
      ]
    },
    "@babel/helper-module-imports@7.18.6": {
      "integrity": "sha512-0NFvs3VkuSYbFi1x2Vd6tKrywq+z/cLeYC/RJNFrIX/30Bf5aiGYbtvGXolEktzJH8o5E5KJ3tT+nkxuuZFVlA==",
      "dependencies": [
        "@babel/types"
      ]
    },
    "@babel/helper-module-imports@7.27.1": {
      "integrity": "sha512-0gSFWUPNXNopqtIPQvlD5WgXYI5GY2kP2cCvoT8kczjbfcfuIljTbcWrulD1CIPIX2gt1wghbDy08yE1p+/r3w==",
      "dependencies": [
        "@babel/traverse",
        "@babel/types"
      ]
    },
    "@babel/helper-module-transforms@7.28.3_@babel+core@7.28.5": {
      "integrity": "sha512-gytXUbs8k2sXS9PnQptz5o0QnpLL51SwASIORY6XaBKF88nsOT0Zw9szLqlSGQDP/4TljBAD5y98p2U1fqkdsw==",
      "dependencies": [
        "@babel/core",
        "@babel/helper-module-imports@7.27.1",
        "@babel/helper-validator-identifier",
        "@babel/traverse"
      ]
    },
    "@babel/helper-optimise-call-expression@7.27.1": {
      "integrity": "sha512-URMGH08NzYFhubNSGJrpUEphGKQwMQYBySzat5cAByY1/YgIRkULnIy3tAMeszlL/so2HbeilYloUmSpd7GdVw==",
      "dependencies": [
        "@babel/types"
      ]
    },
    "@babel/helper-plugin-utils@7.27.1": {
      "integrity": "sha512-1gn1Up5YXka3YYAHGKpbideQ5Yjf1tDa9qYcgysz+cNCXukyLl6DjPXhD3VRwSb8c0J9tA4b2+rHEZtc6R0tlw=="
    },
    "@babel/helper-replace-supers@7.27.1_@babel+core@7.28.5": {
      "integrity": "sha512-7EHz6qDZc8RYS5ElPoShMheWvEgERonFCs7IAonWLLUTXW59DP14bCZt89/GKyreYn8g3S83m21FelHKbeDCKA==",
      "dependencies": [
        "@babel/core",
        "@babel/helper-member-expression-to-functions",
        "@babel/helper-optimise-call-expression",
        "@babel/traverse"
      ]
    },
    "@babel/helper-skip-transparent-expression-wrappers@7.27.1": {
      "integrity": "sha512-Tub4ZKEXqbPjXgWLl2+3JpQAYBJ8+ikpQ2Ocj/q/r0LwE3UhENh7EUabyHjz2kCEsrRY83ew2DQdHluuiDQFzg==",
      "dependencies": [
        "@babel/traverse",
        "@babel/types"
      ]
    },
    "@babel/helper-string-parser@7.27.1": {
      "integrity": "sha512-qMlSxKbpRlAridDExk92nSobyDdpPijUq2DW6oDnUqd0iOGxmQjyqhMIihI9+zv4LPyZdRje2cavWPbCbWm3eA=="
    },
    "@babel/helper-validator-identifier@7.28.5": {
      "integrity": "sha512-qSs4ifwzKJSV39ucNjsvc6WVHs6b7S03sOh2OcHF9UHfVPqWWALUsNUVzhSBiItjRZoLHx7nIarVjqKVusUZ1Q=="
    },
    "@babel/helper-validator-option@7.27.1": {
      "integrity": "sha512-YvjJow9FxbhFFKDSuFnVCe2WxXk1zWc22fFePVNEaWJEu8IrZVlda6N0uHwzZrUM1il7NC9Mlp4MaJYbYd9JSg=="
    },
    "@babel/helpers@7.28.4": {
      "integrity": "sha512-HFN59MmQXGHVyYadKLVumYsA9dBFun/ldYxipEjzA4196jpLZd8UjEEBLkbEkvfYreDqJhZxYAWFPtrfhNpj4w==",
      "dependencies": [
        "@babel/template",
        "@babel/types"
      ]
    },
    "@babel/parser@7.28.5": {
      "integrity": "sha512-KKBU1VGYR7ORr3At5HAtUQ+TV3SzRCXmA/8OdDZiLDBIZxVyzXuztPjfLd3BV1PRAQGCMWWSHYhL0F8d5uHBDQ==",
      "dependencies": [
        "@babel/types"
      ],
      "bin": true
    },
    "@babel/plugin-syntax-jsx@7.27.1_@babel+core@7.28.5": {
      "integrity": "sha512-y8YTNIeKoyhGd9O0Jiyzyyqk8gdjnumGTQPsz0xOZOQ2RmkVJeZ1vmmfIvFEKqucBG6axJGBZDE/7iI5suUI/w==",
      "dependencies": [
        "@babel/core",
        "@babel/helper-plugin-utils"
      ]
    },
    "@babel/plugin-syntax-typescript@7.27.1_@babel+core@7.28.5": {
      "integrity": "sha512-xfYCBMxveHrRMnAWl1ZlPXOZjzkN82THFvLhQhFXFt81Z5HnN+EtUkZhv/zcKpmT3fzmWZB0ywiBrbC3vogbwQ==",
      "dependencies": [
        "@babel/core",
        "@babel/helper-plugin-utils"
      ]
    },
    "@babel/plugin-transform-modules-commonjs@7.27.1_@babel+core@7.28.5": {
      "integrity": "sha512-OJguuwlTYlN0gBZFRPqwOGNWssZjfIUdS7HMYtN8c1KmwpwHFBwTeFZrg9XZa+DFTitWOW5iTAG7tyCUPsCCyw==",
      "dependencies": [
        "@babel/core",
        "@babel/helper-module-transforms",
        "@babel/helper-plugin-utils"
      ]
    },
    "@babel/plugin-transform-typescript@7.28.5_@babel+core@7.28.5": {
      "integrity": "sha512-x2Qa+v/CuEoX7Dr31iAfr0IhInrVOWZU/2vJMJ00FOR/2nM0BcBEclpaf9sWCDc+v5e9dMrhSH8/atq/kX7+bA==",
      "dependencies": [
        "@babel/core",
        "@babel/helper-annotate-as-pure",
        "@babel/helper-create-class-features-plugin",
        "@babel/helper-plugin-utils",
        "@babel/helper-skip-transparent-expression-wrappers",
        "@babel/plugin-syntax-typescript"
      ]
    },
    "@babel/preset-typescript@7.28.5_@babel+core@7.28.5": {
      "integrity": "sha512-+bQy5WOI2V6LJZpPVxY+yp66XdZ2yifu0Mc1aP5CQKgjn4QM5IN2i5fAZ4xKop47pr8rpVhiAeu+nDQa12C8+g==",
      "dependencies": [
        "@babel/core",
        "@babel/helper-plugin-utils",
        "@babel/helper-validator-option",
        "@babel/plugin-syntax-jsx",
        "@babel/plugin-transform-modules-commonjs",
        "@babel/plugin-transform-typescript"
      ]
    },
    "@babel/template@7.27.2": {
      "integrity": "sha512-LPDZ85aEJyYSd18/DkjNh4/y1ntkE5KwUHWTiqgRxruuZL2F1yuHligVHLvcHY2vMHXttKFpJn6LwfI7cw7ODw==",
      "dependencies": [
        "@babel/code-frame",
        "@babel/parser",
        "@babel/types"
      ]
    },
    "@babel/traverse@7.28.5": {
      "integrity": "sha512-TCCj4t55U90khlYkVV/0TfkJkAkUg3jZFA3Neb7unZT8CPok7iiRfaX0F+WnqWqt7OxhOn0uBKXCw4lbL8W0aQ==",
      "dependencies": [
        "@babel/code-frame",
        "@babel/generator",
        "@babel/helper-globals",
        "@babel/parser",
        "@babel/template",
        "@babel/types",
        "debug"
      ]
    },
    "@babel/types@7.28.5": {
      "integrity": "sha512-qQ5m48eI/MFLQ5PxQj4PFaprjyCTLI37ElWMmNs0K8Lk3dVeOdNpB3ks8jc7yM5CDmVC73eMVk/trk3fgmrUpA==",
      "dependencies": [
        "@babel/helper-string-parser",
        "@babel/helper-validator-identifier"
      ]
    },
    "@esbuild/aix-ppc64@0.27.2": {
      "integrity": "sha512-GZMB+a0mOMZs4MpDbj8RJp4cw+w1WV5NYD6xzgvzUJ5Ek2jerwfO2eADyI6ExDSUED+1X8aMbegahsJi+8mgpw==",
      "os": ["aix"],
      "cpu": ["ppc64"]
    },
    "@esbuild/android-arm64@0.27.2": {
      "integrity": "sha512-pvz8ZZ7ot/RBphf8fv60ljmaoydPU12VuXHImtAs0XhLLw+EXBi2BLe3OYSBslR4rryHvweW5gmkKFwTiFy6KA==",
      "os": ["android"],
      "cpu": ["arm64"]
    },
    "@esbuild/android-arm@0.27.2": {
      "integrity": "sha512-DVNI8jlPa7Ujbr1yjU2PfUSRtAUZPG9I1RwW4F4xFB1Imiu2on0ADiI/c3td+KmDtVKNbi+nffGDQMfcIMkwIA==",
      "os": ["android"],
      "cpu": ["arm"]
    },
    "@esbuild/android-x64@0.27.2": {
      "integrity": "sha512-z8Ank4Byh4TJJOh4wpz8g2vDy75zFL0TlZlkUkEwYXuPSgX8yzep596n6mT7905kA9uHZsf/o2OJZubl2l3M7A==",
      "os": ["android"],
      "cpu": ["x64"]
    },
    "@esbuild/darwin-arm64@0.27.2": {
      "integrity": "sha512-davCD2Zc80nzDVRwXTcQP/28fiJbcOwvdolL0sOiOsbwBa72kegmVU0Wrh1MYrbuCL98Omp5dVhQFWRKR2ZAlg==",
      "os": ["darwin"],
      "cpu": ["arm64"]
    },
    "@esbuild/darwin-x64@0.27.2": {
      "integrity": "sha512-ZxtijOmlQCBWGwbVmwOF/UCzuGIbUkqB1faQRf5akQmxRJ1ujusWsb3CVfk/9iZKr2L5SMU5wPBi1UWbvL+VQA==",
      "os": ["darwin"],
      "cpu": ["x64"]
    },
    "@esbuild/freebsd-arm64@0.27.2": {
      "integrity": "sha512-lS/9CN+rgqQ9czogxlMcBMGd+l8Q3Nj1MFQwBZJyoEKI50XGxwuzznYdwcav6lpOGv5BqaZXqvBSiB/kJ5op+g==",
      "os": ["freebsd"],
      "cpu": ["arm64"]
    },
    "@esbuild/freebsd-x64@0.27.2": {
      "integrity": "sha512-tAfqtNYb4YgPnJlEFu4c212HYjQWSO/w/h/lQaBK7RbwGIkBOuNKQI9tqWzx7Wtp7bTPaGC6MJvWI608P3wXYA==",
      "os": ["freebsd"],
      "cpu": ["x64"]
    },
    "@esbuild/linux-arm64@0.27.2": {
      "integrity": "sha512-hYxN8pr66NsCCiRFkHUAsxylNOcAQaxSSkHMMjcpx0si13t1LHFphxJZUiGwojB1a/Hd5OiPIqDdXONia6bhTw==",
      "os": ["linux"],
      "cpu": ["arm64"]
    },
    "@esbuild/linux-arm@0.27.2": {
      "integrity": "sha512-vWfq4GaIMP9AIe4yj1ZUW18RDhx6EPQKjwe7n8BbIecFtCQG4CfHGaHuh7fdfq+y3LIA2vGS/o9ZBGVxIDi9hw==",
      "os": ["linux"],
      "cpu": ["arm"]
    },
    "@esbuild/linux-ia32@0.27.2": {
      "integrity": "sha512-MJt5BRRSScPDwG2hLelYhAAKh9imjHK5+NE/tvnRLbIqUWa+0E9N4WNMjmp/kXXPHZGqPLxggwVhz7QP8CTR8w==",
      "os": ["linux"],
      "cpu": ["ia32"]
    },
    "@esbuild/linux-loong64@0.27.2": {
      "integrity": "sha512-lugyF1atnAT463aO6KPshVCJK5NgRnU4yb3FUumyVz+cGvZbontBgzeGFO1nF+dPueHD367a2ZXe1NtUkAjOtg==",
      "os": ["linux"],
      "cpu": ["loong64"]
    },
    "@esbuild/linux-mips64el@0.27.2": {
      "integrity": "sha512-nlP2I6ArEBewvJ2gjrrkESEZkB5mIoaTswuqNFRv/WYd+ATtUpe9Y09RnJvgvdag7he0OWgEZWhviS1OTOKixw==",
      "os": ["linux"],
      "cpu": ["mips64el"]
    },
    "@esbuild/linux-ppc64@0.27.2": {
      "integrity": "sha512-C92gnpey7tUQONqg1n6dKVbx3vphKtTHJaNG2Ok9lGwbZil6DrfyecMsp9CrmXGQJmZ7iiVXvvZH6Ml5hL6XdQ==",
      "os": ["linux"],
      "cpu": ["ppc64"]
    },
    "@esbuild/linux-riscv64@0.27.2": {
      "integrity": "sha512-B5BOmojNtUyN8AXlK0QJyvjEZkWwy/FKvakkTDCziX95AowLZKR6aCDhG7LeF7uMCXEJqwa8Bejz5LTPYm8AvA==",
      "os": ["linux"],
      "cpu": ["riscv64"]
    },
    "@esbuild/linux-s390x@0.27.2": {
      "integrity": "sha512-p4bm9+wsPwup5Z8f4EpfN63qNagQ47Ua2znaqGH6bqLlmJ4bx97Y9JdqxgGZ6Y8xVTixUnEkoKSHcpRlDnNr5w==",
      "os": ["linux"],
      "cpu": ["s390x"]
    },
    "@esbuild/linux-x64@0.27.2": {
      "integrity": "sha512-uwp2Tip5aPmH+NRUwTcfLb+W32WXjpFejTIOWZFw/v7/KnpCDKG66u4DLcurQpiYTiYwQ9B7KOeMJvLCu/OvbA==",
      "os": ["linux"],
      "cpu": ["x64"]
    },
    "@esbuild/netbsd-arm64@0.27.2": {
      "integrity": "sha512-Kj6DiBlwXrPsCRDeRvGAUb/LNrBASrfqAIok+xB0LxK8CHqxZ037viF13ugfsIpePH93mX7xfJp97cyDuTZ3cw==",
      "os": ["netbsd"],
      "cpu": ["arm64"]
    },
    "@esbuild/netbsd-x64@0.27.2": {
      "integrity": "sha512-HwGDZ0VLVBY3Y+Nw0JexZy9o/nUAWq9MlV7cahpaXKW6TOzfVno3y3/M8Ga8u8Yr7GldLOov27xiCnqRZf0tCA==",
      "os": ["netbsd"],
      "cpu": ["x64"]
    },
    "@esbuild/openbsd-arm64@0.27.2": {
      "integrity": "sha512-DNIHH2BPQ5551A7oSHD0CKbwIA/Ox7+78/AWkbS5QoRzaqlev2uFayfSxq68EkonB+IKjiuxBFoV8ESJy8bOHA==",
      "os": ["openbsd"],
      "cpu": ["arm64"]
    },
    "@esbuild/openbsd-x64@0.27.2": {
      "integrity": "sha512-/it7w9Nb7+0KFIzjalNJVR5bOzA9Vay+yIPLVHfIQYG/j+j9VTH84aNB8ExGKPU4AzfaEvN9/V4HV+F+vo8OEg==",
      "os": ["openbsd"],
      "cpu": ["x64"]
    },
    "@esbuild/openharmony-arm64@0.27.2": {
      "integrity": "sha512-LRBbCmiU51IXfeXk59csuX/aSaToeG7w48nMwA6049Y4J4+VbWALAuXcs+qcD04rHDuSCSRKdmY63sruDS5qag==",
      "os": ["openharmony"],
      "cpu": ["arm64"]
    },
    "@esbuild/sunos-x64@0.27.2": {
      "integrity": "sha512-kMtx1yqJHTmqaqHPAzKCAkDaKsffmXkPHThSfRwZGyuqyIeBvf08KSsYXl+abf5HDAPMJIPnbBfXvP2ZC2TfHg==",
      "os": ["sunos"],
      "cpu": ["x64"]
    },
    "@esbuild/win32-arm64@0.27.2": {
      "integrity": "sha512-Yaf78O/B3Kkh+nKABUF++bvJv5Ijoy9AN1ww904rOXZFLWVc5OLOfL56W+C8F9xn5JQZa3UX6m+IktJnIb1Jjg==",
      "os": ["win32"],
      "cpu": ["arm64"]
    },
    "@esbuild/win32-ia32@0.27.2": {
      "integrity": "sha512-Iuws0kxo4yusk7sw70Xa2E2imZU5HoixzxfGCdxwBdhiDgt9vX9VUCBhqcwY7/uh//78A1hMkkROMJq9l27oLQ==",
      "os": ["win32"],
      "cpu": ["ia32"]
    },
    "@esbuild/win32-x64@0.27.2": {
      "integrity": "sha512-sRdU18mcKf7F+YgheI/zGf5alZatMUTKj/jNS6l744f9u3WFu4v7twcUI9vu4mknF4Y9aDlblIie0IM+5xxaqQ==",
      "os": ["win32"],
      "cpu": ["x64"]
    },
    "@jridgewell/gen-mapping@0.3.13": {
      "integrity": "sha512-2kkt/7niJ6MgEPxF0bYdQ6etZaA+fQvDcLKckhy1yIQOzaoKjBBjSj63/aLVjYE3qhRt5dvM+uUyfCg6UKCBbA==",
      "dependencies": [
        "@jridgewell/sourcemap-codec",
        "@jridgewell/trace-mapping"
      ]
    },
    "@jridgewell/remapping@2.3.5": {
      "integrity": "sha512-LI9u/+laYG4Ds1TDKSJW2YPrIlcVYOwi2fUC6xB43lueCjgxV4lffOCZCtYFiH6TNOX+tQKXx97T4IKHbhyHEQ==",
      "dependencies": [
        "@jridgewell/gen-mapping",
        "@jridgewell/trace-mapping"
      ]
    },
    "@jridgewell/resolve-uri@3.1.2": {
      "integrity": "sha512-bRISgCIjP20/tbWSPWMEi54QVPRZExkuD9lJL+UIxUKtwVJA8wW1Trb1jMs1RFXo1CBTNZ/5hpC9QvmKWdopKw=="
    },
    "@jridgewell/sourcemap-codec@1.5.5": {
      "integrity": "sha512-cYQ9310grqxueWbl+WuIUIaiUaDcj7WOq5fVhEljNVgRfOUhY9fy2zTvfoqWsnebh8Sl70VScFbICvJnLKB0Og=="
    },
    "@jridgewell/trace-mapping@0.3.31": {
      "integrity": "sha512-zzNR+SdQSDJzc8joaeP8QQoCQr8NuYx2dIIytl1QeBEZHJ9uW6hebsrYgbz8hJwUQao3TWCMtmfV8Nu1twOLAw==",
      "dependencies": [
        "@jridgewell/resolve-uri",
        "@jridgewell/sourcemap-codec"
      ]
    },
    "babel-plugin-jsx-dom-expressions@0.40.3_@babel+core@7.28.5": {
      "integrity": "sha512-5HOwwt0BYiv/zxl7j8Pf2bGL6rDXfV6nUhLs8ygBX+EFJXzBPHM/euj9j/6deMZ6wa52Wb2PBaAV5U/jKwIY1w==",
      "dependencies": [
        "@babel/core",
        "@babel/helper-module-imports@7.18.6",
        "@babel/plugin-syntax-jsx",
        "@babel/types",
        "html-entities",
        "parse5"
      ]
    },
    "babel-preset-solid@1.9.10_@babel+core@7.28.5_solid-js@1.8.17__seroval@1.4.2": {
      "integrity": "sha512-HCelrgua/Y+kqO8RyL04JBWS/cVdrtUv/h45GntgQY+cJl4eBcKkCDV3TdMjtKx1nXwRaR9QXslM/Npm1dxdZQ==",
      "dependencies": [
        "@babel/core",
        "babel-plugin-jsx-dom-expressions",
        "solid-js"
      ],
      "optionalPeers": [
        "solid-js"
      ]
    },
    "baseline-browser-mapping@2.9.15": {
      "integrity": "sha512-kX8h7K2srmDyYnXRIppo4AH/wYgzWVCs+eKr3RusRSQ5PvRYoEFmR/I0PbdTjKFAoKqp5+kbxnNTFO9jOfSVJg==",
      "bin": true
    },
    "browserslist@4.28.1": {
      "integrity": "sha512-ZC5Bd0LgJXgwGqUknZY/vkUQ04r8NXnJZ3yYi4vDmSiZmC/pdSN0NbNRPxZpbtO4uAfDUAFffO8IZoM3Gj8IkA==",
      "dependencies": [
        "baseline-browser-mapping",
        "caniuse-lite",
        "electron-to-chromium",
        "node-releases",
        "update-browserslist-db"
      ],
      "bin": true
    },
    "caniuse-lite@1.0.30001762": {
      "integrity": "sha512-PxZwGNvH7Ak8WX5iXzoK1KPZttBXNPuaOvI2ZYU7NrlM+d9Ov+TUvlLOBNGzVXAntMSMMlJPd+jY6ovrVjSmUw=="
    },
    "convert-source-map@2.0.0": {
      "integrity": "sha512-Kvp459HrV2FEJ1CAsi1Ku+MY3kasH19TFykTz2xWmMeq6bk2NU3XXvfJ+Q61m0xktWwt+1HSYf3JZsTms3aRJg=="
    },
    "csstype@3.2.3": {
      "integrity": "sha512-z1HGKcYy2xA8AGQfwrn0PAy+PB7X/GSj3UVJW9qKyn43xWa+gl5nXmU4qqLMRzWVLFC8KusUX8T/0kCiOYpAIQ=="
    },
    "debug@4.4.3": {
      "integrity": "sha512-RGwwWnwQvkVfavKVt22FGLw+xYSdzARwm0ru6DhTVA3umU5hZc28V3kO4stgYryrTlLpuvgI9GiijltAjNbcqA==",
      "dependencies": [
        "ms"
      ]
    },
    "electron-to-chromium@1.5.267": {
      "integrity": "sha512-0Drusm6MVRXSOJpGbaSVgcQsuB4hEkMpHXaVstcPmhu5LIedxs1xNK/nIxmQIU/RPC0+1/o0AVZfBTkTNJOdUw=="
    },
    "entities@6.0.1": {
      "integrity": "sha512-aN97NXWF6AWBTahfVOIrB/NShkzi5H7F9r1s9mD3cDj4Ko5f2qhhVoYMibXF7GlLveb/D2ioWay8lxI97Ven3g=="
    },
    "esbuild-plugin-solid@0.6.0_esbuild@0.27.2_solid-js@1.8.17__seroval@1.4.2_@babel+core@7.28.5": {
      "integrity": "sha512-V1FvDALwLDX6K0XNYM9CMRAnMzA0+Ecu55qBUT9q/eAJh1KIDsTMFoOzMSgyHqbOfvrVfO3Mws3z7TW2GVnIZA==",
      "dependencies": [
        "@babel/core",
        "@babel/preset-typescript",
        "babel-preset-solid",
        "esbuild",
        "solid-js"
      ]
    },
    "esbuild@0.27.2": {
      "integrity": "sha512-HyNQImnsOC7X9PMNaCIeAm4ISCQXs5a5YasTXVliKv4uuBo1dKrG0A+uQS8M5eXjVMnLg3WgXaKvprHlFJQffw==",
      "optionalDependencies": [
        "@esbuild/aix-ppc64",
        "@esbuild/android-arm",
        "@esbuild/android-arm64",
        "@esbuild/android-x64",
        "@esbuild/darwin-arm64",
        "@esbuild/darwin-x64",
        "@esbuild/freebsd-arm64",
        "@esbuild/freebsd-x64",
        "@esbuild/linux-arm",
        "@esbuild/linux-arm64",
        "@esbuild/linux-ia32",
        "@esbuild/linux-loong64",
        "@esbuild/linux-mips64el",
        "@esbuild/linux-ppc64",
        "@esbuild/linux-riscv64",
        "@esbuild/linux-s390x",
        "@esbuild/linux-x64",
        "@esbuild/netbsd-arm64",
        "@esbuild/netbsd-x64",
        "@esbuild/openbsd-arm64",
        "@esbuild/openbsd-x64",
        "@esbuild/openharmony-arm64",
        "@esbuild/sunos-x64",
        "@esbuild/win32-arm64",
        "@esbuild/win32-ia32",
        "@esbuild/win32-x64"
      ],
      "scripts": true,
      "bin": true
    },
    "escalade@3.2.0": {
      "integrity": "sha512-WUj2qlxaQtO4g6Pq5c29GTcWGDyd8itL8zTlipgECz3JesAiiOKotd8JU6otB3PACgG6xkJUyVhboMS+bje/jA=="
    },
    "gensync@1.0.0-beta.2": {
      "integrity": "sha512-3hN7NaskYvMDLQY55gnW3NQ+mesEAepTqlg+VEbj7zzqEMBVNhzcGYYeqFo/TlYz6eQiFcp1HcsCZO+nGgS8zg=="
    },
    "html-entities@2.3.3": {
      "integrity": "sha512-DV5Ln36z34NNTDgnz0EWGBLZENelNAtkiFA4kyNOG2tDI6Mz1uSWiq1wAKdyjnJwyDiDO7Fa2SO1CTxPXL8VxA=="
    },
    "js-tokens@4.0.0": {
      "integrity": "sha512-RdJUflcE3cUzKiMqQgsCu06FPu9UdIJO0beYbPhHN4k6apgJtifcoCtT9bcxOpYBtpD2kCM6Sbzg4CausW/PKQ=="
    },
    "jsesc@3.1.0": {
      "integrity": "sha512-/sM3dO2FOzXjKQhJuo0Q173wf2KOo8t4I8vHy6lF9poUp7bKT0/NHE8fPX23PwfhnykfqnC2xRxOnVw5XuGIaA==",
      "bin": true
    },
    "json5@2.2.3": {
      "integrity": "sha512-XmOWe7eyHYH14cLdVPoyg+GOH3rYX++KpzrylJwSW98t3Nk+U8XOl8FWKOgwtzdb8lXGf6zYwDUzeHMWfxasyg==",
      "bin": true
    },
    "lru-cache@5.1.1": {
      "integrity": "sha512-KpNARQA3Iwv+jTA0utUVVbrh+Jlrr1Fv0e56GGzAFOXN7dk/FviaDW8LHmK52DlcH4WP2n6gI8vN1aesBFgo9w==",
      "dependencies": [
        "yallist"
      ]
    },
    "ms@2.1.3": {
      "integrity": "sha512-6FlzubTLZG3J2a/NVCAleEhjzq5oxgHyaCU9yYXvcLsvoVaHJq/s5xXI6/XXP6tz7R9xAOtHnSO/tXtF3WRTlA=="
    },
    "node-releases@2.0.27": {
      "integrity": "sha512-nmh3lCkYZ3grZvqcCH+fjmQ7X+H0OeZgP40OierEaAptX4XofMh5kwNbWh7lBduUzCcV/8kZ+NDLCwm2iorIlA=="
    },
    "parse5@7.3.0": {
      "integrity": "sha512-IInvU7fabl34qmi9gY8XOVxhYyMyuH2xUNpb2q8/Y+7552KlejkRvqvD19nMoUW/uQGGbqNpA6Tufu5FL5BZgw==",
      "dependencies": [
        "entities"
      ]
    },
    "path-to-regexp@6.2.1": {
      "integrity": "sha512-JLyh7xT1kizaEvcaXOQwOc2/Yhw6KZOvPf1S8401UyLk86CU79LN3vl7ztXGm/pZ+YjoyAJ4rxmHwbkBXJX+yw=="
    },
    "picocolors@1.1.1": {
      "integrity": "sha512-xceH2snhtb5M9liqDsmEw56le376mTZkEX/jEb/RxNFyegNul7eNslCXP9FDj/Lcu0X8KEyMceP2ntpaHrDEVA=="
    },
    "semver@6.3.1": {
      "integrity": "sha512-BR7VvDCVHO+q2xBEWskxS6DJE1qRnb7DxzUrogb71CWoSficBxYsiAGd+Kl0mmq/MprG9yArRkyrQxTO6XjMzA==",
      "bin": true
    },
    "seroval-plugins@1.4.2_seroval@1.4.2": {
      "integrity": "sha512-X7p4MEDTi+60o2sXZ4bnDBhgsUYDSkQEvzYZuJyFqWg9jcoPsHts5nrg5O956py2wyt28lUrBxk0M0/wU8URpA==",
      "dependencies": [
        "seroval"
      ]
    },
    "seroval@1.4.2": {
      "integrity": "sha512-N3HEHRCZYn3cQbsC4B5ldj9j+tHdf4JZoYPlcI4rRYu0Xy4qN8MQf1Z08EibzB0WpgRG5BGK08FTrmM66eSzKQ=="
    },
    "solid-js@1.8.17_seroval@1.4.2": {
      "integrity": "sha512-E0FkUgv9sG/gEBWkHr/2XkBluHb1fkrHywUgA6o6XolPDCJ4g1HaLmQufcBBhiF36ee40q+HpG/vCZu7fLpI3Q==",
      "dependencies": [
        "csstype",
        "seroval",
        "seroval-plugins"
      ]
    },
    "update-browserslist-db@1.2.3_browserslist@4.28.1": {
      "integrity": "sha512-Js0m9cx+qOgDxo0eMiFGEueWztz+d4+M3rGlmKPT+T4IS/jP4ylw3Nwpu6cpTTP8R1MAC1kF4VbdLt3ARf209w==",
      "dependencies": [
        "browserslist",
        "escalade",
        "picocolors"
      ],
      "bin": true
    },
    "yallist@3.1.1": {
      "integrity": "sha512-a4UGQaWPH59mOXUYnAG2ewncQS4i4F43Tv3JoAM+s2VDAmS9NsK8GpDMLrCHPksFT7h3K6TOoUNn2pb7RoXx4g=="
    }
  },
  "remote": {
    "https://deno.land/std@0.208.0/assert/assert.ts": "9a97dad6d98c238938e7540736b826440ad8c1c1e54430ca4c4e623e585607ee",
    "https://deno.land/std@0.208.0/assert/assertion_error.ts": "4d0bde9b374dfbcbe8ac23f54f567b77024fb67dbb1906a852d67fe050d42f56",
    "https://deno.land/std@0.208.0/path/_common/assert_path.ts": "061e4d093d4ba5aebceb2c4da3318bfe3289e868570e9d3a8e327d91c2958946",
    "https://deno.land/std@0.208.0/path/_common/basename.ts": "0d978ff818f339cd3b1d09dc914881f4d15617432ae519c1b8fdc09ff8d3789a",
    "https://deno.land/std@0.208.0/path/_common/common.ts": "9e4233b2eeb50f8b2ae10ecc2108f58583aea6fd3e8907827020282dc2b76143",
    "https://deno.land/std@0.208.0/path/_common/constants.ts": "e49961f6f4f48039c0dfed3c3f93e963ca3d92791c9d478ac5b43183413136e0",
    "https://deno.land/std@0.208.0/path/_common/dirname.ts": "2ba7fb4cc9fafb0f38028f434179579ce61d4d9e51296fad22b701c3d3cd7397",
    "https://deno.land/std@0.208.0/path/_common/format.ts": "11aa62e316dfbf22c126917f5e03ea5fe2ee707386555a8f513d27ad5756cf96",
    "https://deno.land/std@0.208.0/path/_common/from_file_url.ts": "ef1bf3197d2efbf0297a2bdbf3a61d804b18f2bcce45548ae112313ec5be3c22",
    "https://deno.land/std@0.208.0/path/_common/glob_to_reg_exp.ts": "5c3c2b79fc2294ec803d102bd9855c451c150021f452046312819fbb6d4dc156",
    "https://deno.land/std@0.208.0/path/_common/normalize.ts": "2ba7fb4cc9fafb0f38028f434179579ce61d4d9e51296fad22b701c3d3cd7397",
    "https://deno.land/std@0.208.0/path/_common/normalize_string.ts": "88c472f28ae49525f9fe82de8c8816d93442d46a30d6bb5063b07ff8a89ff589",
    "https://deno.land/std@0.208.0/path/_common/relative.ts": "1af19d787a2a84b8c534cc487424fe101f614982ae4851382c978ab2216186b4",
    "https://deno.land/std@0.208.0/path/_common/strip_trailing_separators.ts": "7ffc7c287e97bdeeee31b155828686967f222cd73f9e5780bfe7dfb1b58c6c65",
    "https://deno.land/std@0.208.0/path/_common/to_file_url.ts": "a8cdd1633bc9175b7eebd3613266d7c0b6ae0fb0cff24120b6092ac31662f9ae",
    "https://deno.land/std@0.208.0/path/_interface.ts": "6471159dfbbc357e03882c2266d21ef9afdb1e4aa771b0545e90db58a0ba314b",
    "https://deno.land/std@0.208.0/path/_os.ts": "30b0c2875f360c9296dbe6b7f2d528f0f9c741cecad2e97f803f5219e91b40a2",
    "https://deno.land/std@0.208.0/path/basename.ts": "04bb5ef3e86bba8a35603b8f3b69537112cdd19ce64b77f2522006da2977a5f3",
    "https://deno.land/std@0.208.0/path/common.ts": "f4d061c7d0b95a65c2a1a52439edec393e906b40f1caf4604c389fae7caa80f5",
    "https://deno.land/std@0.208.0/path/dirname.ts": "88a0a71c21debafc4da7a4cd44fd32e899462df458fbca152390887d41c40361",
    "https://deno.land/std@0.208.0/path/extname.ts": "2da4e2490f3b48b7121d19fb4c91681a5e11bd6bd99df4f6f47d7a71bb6ecdf2",
    "https://deno.land/std@0.208.0/path/format.ts": "3457530cc85d1b4bab175f9ae73998b34fd456c830d01883169af0681b8894fb",
    "https://deno.land/std@0.208.0/path/from_file_url.ts": "e7fa233ea1dff9641e8d566153a24d95010110185a6f418dd2e32320926043f8",
    "https://deno.land/std@0.208.0/path/glob_to_regexp.ts": "74d7448c471e293d03f05ccb968df4365fed6aaa508506b6325a8efdc01d8271",
    "https://deno.land/std@0.208.0/path/is_absolute.ts": "67232b41b860571c5b7537f4954c88d86ae2ba45e883ee37d3dec27b74909d13",
    "https://deno.land/std@0.208.0/path/is_glob.ts": "567dce5c6656bdedfc6b3ee6c0833e1e4db2b8dff6e62148e94a917f289c06ad",
    "https://deno.land/std@0.208.0/path/join.ts": "98d3d76c819af4a11a81d5ba2dbb319f1ce9d63fc2b615597d4bcfddd4a89a09",
    "https://deno.land/std@0.208.0/path/join_globs.ts": "9b84d5103b63d3dbed4b2cf8b12477b2ad415c7d343f1488505162dc0e5f4db8",
    "https://deno.land/std@0.208.0/path/mod.ts": "3defabebc98279e62b392fee7a6937adc932a8f4dcd2471441e36c15b97b00e0",
    "https://deno.land/std@0.208.0/path/normalize.ts": "aa95be9a92c7bd4f9dc0ba51e942a1973e2b93d266cd74f5ca751c136d520b66",
    "https://deno.land/std@0.208.0/path/normalize_glob.ts": "674baa82e1c00b6cb153bbca36e06f8e0337cb8062db6d905ab5de16076ca46b",
    "https://deno.land/std@0.208.0/path/parse.ts": "d87ff0deef3fb495bc0d862278ff96da5a06acf0625ca27769fc52ac0d3d6ece",
    "https://deno.land/std@0.208.0/path/posix/_util.ts": "ecf49560fedd7dd376c6156cc5565cad97c1abe9824f4417adebc7acc36c93e5",
    "https://deno.land/std@0.208.0/path/posix/basename.ts": "a630aeb8fd8e27356b1823b9dedd505e30085015407caa3396332752f6b8406a",
    "https://deno.land/std@0.208.0/path/posix/common.ts": "e781d395dc76f6282e3f7dd8de13194abb8b04a82d109593141abc6e95755c8b",
    "https://deno.land/std@0.208.0/path/posix/dirname.ts": "f48c9c42cc670803b505478b7ef162c7cfa9d8e751b59d278b2ec59470531472",
    "https://deno.land/std@0.208.0/path/posix/extname.ts": "ee7f6571a9c0a37f9218fbf510c440d1685a7c13082c348d701396cc795e0be0",
    "https://deno.land/std@0.208.0/path/posix/format.ts": "b94876f77e61bfe1f147d5ccb46a920636cd3cef8be43df330f0052b03875968",
    "https://deno.land/std@0.208.0/path/posix/from_file_url.ts": "b97287a83e6407ac27bdf3ab621db3fccbf1c27df0a1b1f20e1e1b5acf38a379",
    "https://deno.land/std@0.208.0/path/posix/glob_to_regexp.ts": "6ed00c71fbfe0ccc35977c35444f94e82200b721905a60bd1278b1b768d68b1a",
    "https://deno.land/std@0.208.0/path/posix/is_absolute.ts": "159900a3422d11069d48395568217eb7fc105ceda2683d03d9b7c0f0769e01b8",
    "https://deno.land/std@0.208.0/path/posix/is_glob.ts": "ec4fbc604b9db8487f7b56ab0e759b24a971ab6a45f7b0b698bc39b8b9f9680f",
    "https://deno.land/std@0.208.0/path/posix/join.ts": "0c0d84bdc344876930126640011ec1b888e6facf74153ffad9ef26813aa2a076",
    "https://deno.land/std@0.208.0/path/posix/join_globs.ts": "f4838d54b1f60a34a40625a3293f6e583135348be1b2974341ac04743cb26121",
    "https://deno.land/std@0.208.0/path/posix/mod.ts": "f1b08a7f64294b7de87fc37190d63b6ce5b02889af9290c9703afe01951360ae",
    "https://deno.land/std@0.208.0/path/posix/normalize.ts": "11de90a94ab7148cc46e5a288f7d732aade1d616bc8c862f5560fa18ff987b4b",
    "https://deno.land/std@0.208.0/path/posix/normalize_glob.ts": "10a1840c628ebbab679254d5fa1c20e59106102354fb648a1765aed72eb9f3f9",
    "https://deno.land/std@0.208.0/path/posix/parse.ts": "199208f373dd93a792e9c585352bfc73a6293411bed6da6d3bc4f4ef90b04c8e",
    "https://deno.land/std@0.208.0/path/posix/relative.ts": "e2f230608b0f083e6deaa06e063943e5accb3320c28aef8d87528fbb7fe6504c",
    "https://deno.land/std@0.208.0/path/posix/resolve.ts": "51579d83159d5c719518c9ae50812a63959bbcb7561d79acbdb2c3682236e285",
    "https://deno.land/std@0.208.0/path/posix/separator.ts": "0b6573b5f3269a3164d8edc9cefc33a02dd51003731c561008c8bb60220ebac1",
    "https://deno.land/std@0.208.0/path/posix/to_file_url.ts": "08d43ea839ee75e9b8b1538376cfe95911070a655cd312bc9a00f88ef14967b6",
    "https://deno.land/std@0.208.0/path/posix/to_namespaced_path.ts": "c9228a0e74fd37e76622cd7b142b8416663a9b87db643302fa0926b5a5c83bdc",
    "https://deno.land/std@0.208.0/path/relative.ts": "23d45ede8b7ac464a8299663a43488aad6b561414e7cbbe4790775590db6349c",
    "https://deno.land/std@0.208.0/path/resolve.ts": "5b184efc87155a0af9fa305ff68a109e28de9aee81fc3e77cd01380f19daf867",
    "https://deno.land/std@0.208.0/path/separator.ts": "40a3e9a4ad10bef23bc2cd6c610291b6c502a06237c2c4cd034a15ca78dedc1f",
    "https://deno.land/std@0.208.0/path/to_file_url.ts": "edaafa089e0bce386e1b2d47afe7c72e379ff93b28a5829a5885e4b6c626d864",
    "https://deno.land/std@0.208.0/path/to_namespaced_path.ts": "cf8734848aac3c7527d1689d2adf82132b1618eff3cc523a775068847416b22a",
    "https://deno.land/std@0.208.0/path/windows/_util.ts": "f32b9444554c8863b9b4814025c700492a2b57ff2369d015360970a1b1099d54",
    "https://deno.land/std@0.208.0/path/windows/basename.ts": "8a9dbf7353d50afbc5b221af36c02a72c2d1b2b5b9f7c65bf6a5a2a0baf88ad3",
    "https://deno.land/std@0.208.0/path/windows/common.ts": "e781d395dc76f6282e3f7dd8de13194abb8b04a82d109593141abc6e95755c8b",
    "https://deno.land/std@0.208.0/path/windows/dirname.ts": "5c2aa541384bf0bd9aca821275d2a8690e8238fa846198ef5c7515ce31a01a94",
    "https://deno.land/std@0.208.0/path/windows/extname.ts": "07f4fa1b40d06a827446b3e3bcc8d619c5546b079b8ed0c77040bbef716c7614",
    "https://deno.land/std@0.208.0/path/windows/format.ts": "343019130d78f172a5c49fdc7e64686a7faf41553268961e7b6c92a6d6548edf",
    "https://deno.land/std@0.208.0/path/windows/from_file_url.ts": "d53335c12b0725893d768be3ac6bf0112cc5b639d2deb0171b35988493b46199",
    "https://deno.land/std@0.208.0/path/windows/glob_to_regexp.ts": "290755e18ec6c1a4f4d711c3390537358e8e3179581e66261a0cf348b1a13395",
    "https://deno.land/std@0.208.0/path/windows/is_absolute.ts": "245b56b5f355ede8664bd7f080c910a97e2169972d23075554ae14d73722c53c",
    "https://deno.land/std@0.208.0/path/windows/is_glob.ts": "ec4fbc604b9db8487f7b56ab0e759b24a971ab6a45f7b0b698bc39b8b9f9680f",
    "https://deno.land/std@0.208.0/path/windows/join.ts": "e6600bf88edeeef4e2276e155b8de1d5dec0435fd526ba2dc4d37986b2882f16",
    "https://deno.land/std@0.208.0/path/windows/join_globs.ts": "f4838d54b1f60a34a40625a3293f6e583135348be1b2974341ac04743cb26121",
    "https://deno.land/std@0.208.0/path/windows/mod.ts": "d7040f461465c2c21c1c68fc988ef0bdddd499912138cde3abf6ad60c7fb3814",
    "https://deno.land/std@0.208.0/path/windows/normalize.ts": "9deebbf40c81ef540b7b945d4ccd7a6a2c5a5992f791e6d3377043031e164e69",
    "https://deno.land/std@0.208.0/path/windows/normalize_glob.ts": "344ff5ed45430495b9a3d695567291e50e00b1b3b04ea56712a2acf07ab5c128",
    "https://deno.land/std@0.208.0/path/windows/parse.ts": "120faf778fe1f22056f33ded069b68e12447668fcfa19540c0129561428d3ae5",
    "https://deno.land/std@0.208.0/path/windows/relative.ts": "026855cd2c36c8f28f1df3c6fbd8f2449a2aa21f48797a74700c5d872b86d649",
    "https://deno.land/std@0.208.0/path/windows/resolve.ts": "5ff441ab18a2346abadf778121128ee71bda4d0898513d4639a6ca04edca366b",
    "https://deno.land/std@0.208.0/path/windows/separator.ts": "ae21f27015f10510ed1ac4a0ba9c4c9c967cbdd9d9e776a3e4967553c397bd5d",
    "https://deno.land/std@0.208.0/path/windows/to_file_url.ts": "8e9ea9e1ff364aa06fa72999204229952d0a279dbb876b7b838b2b2fea55cce3",
    "https://deno.land/std@0.208.0/path/windows/to_namespaced_path.ts": "e0f4d4a5e77f28a5708c1a33ff24360f35637ba6d8f103d19661255ef7bfd50d",
    "https://deno.land/x/denoflate@1.2.1/mod.ts": "f5628e44b80b3d80ed525afa2ba0f12408e3849db817d47a883b801f9ce69dd6",
    "https://deno.land/x/denoflate@1.2.1/pkg/denoflate.js": "b9f9ad9457d3f12f28b1fb35c555f57443427f74decb403113d67364e4f2caf4",
    "https://deno.land/x/denoflate@1.2.1/pkg/denoflate_bg.wasm.js": "d581956245407a2115a3d7e8d85a9641c032940a8e810acbd59ca86afd34d44d",
    "https://deno.land/x/esbuild@v0.21.4/mod.js": "2baa2fee0098fe9cec9c1a5e66e394afce85ccb966a9be52d7c617ea5c67769f"
  },
  "workspace": {
    "dependencies": [
      "jsr:@luca/esbuild-deno-loader@0.10.3",
      "jsr:@oak/oak@16.1.0",
      "npm:esbuild-plugin-solid@0.6.0",
      "npm:solid-js@1.8.17"
    ]
  }
}
