{
  "version": "2",
  "remote": {},
  "npm": {
    "specifiers": {
      "solid-js@1.7.6": "solid-js@1.7.6",
      "solid-js@latest": "solid-js@1.7.6"
    },
    "packages": {
      "csstype@3.1.2": {
        "integrity": "sha512-I7K1Uu0MBPzaFKg4nI5Q7Vs2t+3gWWW648spaF+Rg7pI9ds18Ugn+lvg4SHczUdKlHI5LWBXyqfS8+DufyBsgQ==",
        "dependencies": {}
      },
      "seroval@0.5.1": {
        "integrity": "sha512-ZfhQVB59hmIauJG5Ydynupy8KHyr5imGNtdDhbZG68Ufh1Ynkv9KOYOAABf71oVbQxJ8VkWnMHAjEHE7fWkH5g==",
        "dependencies": {}
      },
      "solid-js@1.7.6": {
        "integrity": "sha512-DXVOTjUh/bIAhE0fIqu3ezGLyQaez7v8EOw3uPLIi87DmLjg+hsuCAgKyNIZ+o4jUetOk3ZORccvJmE1yZUk8g==",
        "dependencies": {
          "csstype": "csstype@3.1.2",
          "seroval": "seroval@0.5.1"
        }
      }
    }
  }
}
