{
  "version": "3",
  "packages": {
    "specifiers": {
      "npm:esbuild-plugin-solid@0.5.0": "npm:esbuild-plugin-solid@0.5.0_esbuild@0.19.11_solid-js@1.8.11__seroval@1.0.4_@babel+core@7.23.7",
      "npm:pbxproj-dom@1.0.0": "npm:pbxproj-dom@1.0.0",
      "npm:pbxproj-dom@1.2.0": "npm:pbxproj-dom@1.2.0",
      "npm:xcode@3.0.1": "npm:xcode@3.0.1"
    },
    "npm": {
      "@ampproject/remapping@2.2.1": {
        "integrity": "sha512-lFMjJTrFL3j7L9yBxwYfCq2k6qqwHyzuUl/XBnif78PWTJYyL/dfowQHWE3sp6U6ZzqWiiIZnpTMO96zhkjwtg==",
        "dependencies": {
          "@jridgewell/gen-mapping": "@jridgewell/gen-mapping@0.3.3",
          "@jridgewell/trace-mapping": "@jridgewell/trace-mapping@0.3.21"
        }
      },
      "@babel/code-frame@7.23.5": {
        "integrity": "sha512-CgH3s1a96LipHCmSUmYFPwY7MNx8C3avkq7i4Wl3cfa662ldtUe4VM1TPXX70pfmrlWTb6jLqTYrZyT2ZTJBgA==",
        "dependencies": {
          "@babel/highlight": "@babel/highlight@7.23.4",
          "chalk": "chalk@2.4.2"
        }
      },
      "@babel/compat-data@7.23.5": {
        "integrity": "sha512-uU27kfDRlhfKl+w1U6vp16IuvSLtjAxdArVXPa9BvLkrr7CYIsxH5adpHObeAGY/41+syctUWOZ140a2Rvkgjw==",
        "dependencies": {}
      },
      "@babel/core@7.23.7": {
        "integrity": "sha512-+UpDgowcmqe36d4NwqvKsyPMlOLNGMsfMmQ5WGCu+siCe3t3dfe9njrzGfdN4qq+bcNUt0+Vw6haRxBOycs4dw==",
        "dependencies": {
          "@ampproject/remapping": "@ampproject/remapping@2.2.1",
          "@babel/code-frame": "@babel/code-frame@7.23.5",
          "@babel/generator": "@babel/generator@7.23.6",
          "@babel/helper-compilation-targets": "@babel/helper-compilation-targets@7.23.6",
          "@babel/helper-module-transforms": "@babel/helper-module-transforms@7.23.3_@babel+core@7.23.7",
          "@babel/helpers": "@babel/helpers@7.23.8",
          "@babel/parser": "@babel/parser@7.23.6",
          "@babel/template": "@babel/template@7.22.15",
          "@babel/traverse": "@babel/traverse@7.23.7",
          "@babel/types": "@babel/types@7.23.6",
          "convert-source-map": "convert-source-map@2.0.0",
          "debug": "debug@4.3.4",
          "gensync": "gensync@1.0.0-beta.2",
          "json5": "json5@2.2.3",
          "semver": "semver@6.3.1"
        }
      },
      "@babel/generator@7.23.6": {
        "integrity": "sha512-qrSfCYxYQB5owCmGLbl8XRpX1ytXlpueOb0N0UmQwA073KZxejgQTzAmJezxvpwQD9uGtK2shHdi55QT+MbjIw==",
        "dependencies": {
          "@babel/types": "@babel/types@7.23.6",
          "@jridgewell/gen-mapping": "@jridgewell/gen-mapping@0.3.3",
          "@jridgewell/trace-mapping": "@jridgewell/trace-mapping@0.3.21",
          "jsesc": "jsesc@2.5.2"
        }
      },
      "@babel/helper-annotate-as-pure@7.22.5": {
        "integrity": "sha512-LvBTxu8bQSQkcyKOU+a1btnNFQ1dMAd0R6PyW3arXes06F6QLWLIrd681bxRPIXlrMGR3XYnW9JyML7dP3qgxg==",
        "dependencies": {
          "@babel/types": "@babel/types@7.23.6"
        }
      },
      "@babel/helper-compilation-targets@7.23.6": {
        "integrity": "sha512-9JB548GZoQVmzrFgp8o7KxdgkTGm6xs9DW0o/Pim72UDjzr5ObUQ6ZzYPqA+g9OTS2bBQoctLJrky0RDCAWRgQ==",
        "dependencies": {
          "@babel/compat-data": "@babel/compat-data@7.23.5",
          "@babel/helper-validator-option": "@babel/helper-validator-option@7.23.5",
          "browserslist": "browserslist@4.22.2",
          "lru-cache": "lru-cache@5.1.1",
          "semver": "semver@6.3.1"
        }
      },
      "@babel/helper-create-class-features-plugin@7.23.7_@babel+core@7.23.7": {
        "integrity": "sha512-xCoqR/8+BoNnXOY7RVSgv6X+o7pmT5q1d+gGcRlXYkI+9B31glE4jeejhKVpA04O1AtzOt7OSQ6VYKP5FcRl9g==",
        "dependencies": {
          "@babel/core": "@babel/core@7.23.7",
          "@babel/helper-annotate-as-pure": "@babel/helper-annotate-as-pure@7.22.5",
          "@babel/helper-environment-visitor": "@babel/helper-environment-visitor@7.22.20",
          "@babel/helper-function-name": "@babel/helper-function-name@7.23.0",
          "@babel/helper-member-expression-to-functions": "@babel/helper-member-expression-to-functions@7.23.0",
          "@babel/helper-optimise-call-expression": "@babel/helper-optimise-call-expression@7.22.5",
          "@babel/helper-replace-supers": "@babel/helper-replace-supers@7.22.20_@babel+core@7.23.7",
          "@babel/helper-skip-transparent-expression-wrappers": "@babel/helper-skip-transparent-expression-wrappers@7.22.5",
          "@babel/helper-split-export-declaration": "@babel/helper-split-export-declaration@7.22.6",
          "semver": "semver@6.3.1"
        }
      },
      "@babel/helper-environment-visitor@7.22.20": {
        "integrity": "sha512-zfedSIzFhat/gFhWfHtgWvlec0nqB9YEIVrpuwjruLlXfUSnA8cJB0miHKwqDnQ7d32aKo2xt88/xZptwxbfhA==",
        "dependencies": {}
      },
      "@babel/helper-function-name@7.23.0": {
        "integrity": "sha512-OErEqsrxjZTJciZ4Oo+eoZqeW9UIiOcuYKRJA4ZAgV9myA+pOXhhmpfNCKjEH/auVfEYVFJ6y1Tc4r0eIApqiw==",
        "dependencies": {
          "@babel/template": "@babel/template@7.22.15",
          "@babel/types": "@babel/types@7.23.6"
        }
      },
      "@babel/helper-hoist-variables@7.22.5": {
        "integrity": "sha512-wGjk9QZVzvknA6yKIUURb8zY3grXCcOZt+/7Wcy8O2uctxhplmUPkOdlgoNhmdVee2c92JXbf1xpMtVNbfoxRw==",
        "dependencies": {
          "@babel/types": "@babel/types@7.23.6"
        }
      },
      "@babel/helper-member-expression-to-functions@7.23.0": {
        "integrity": "sha512-6gfrPwh7OuT6gZyJZvd6WbTfrqAo7vm4xCzAXOusKqq/vWdKXphTpj5klHKNmRUU6/QRGlBsyU9mAIPaWHlqJA==",
        "dependencies": {
          "@babel/types": "@babel/types@7.23.6"
        }
      },
      "@babel/helper-module-imports@7.18.6": {
        "integrity": "sha512-0NFvs3VkuSYbFi1x2Vd6tKrywq+z/cLeYC/RJNFrIX/30Bf5aiGYbtvGXolEktzJH8o5E5KJ3tT+nkxuuZFVlA==",
        "dependencies": {
          "@babel/types": "@babel/types@7.23.6"
        }
      },
      "@babel/helper-module-imports@7.22.15": {
        "integrity": "sha512-0pYVBnDKZO2fnSPCrgM/6WMc7eS20Fbok+0r88fp+YtWVLZrp4CkafFGIp+W0VKw4a22sgebPT99y+FDNMdP4w==",
        "dependencies": {
          "@babel/types": "@babel/types@7.23.6"
        }
      },
      "@babel/helper-module-transforms@7.23.3_@babel+core@7.23.7": {
        "integrity": "sha512-7bBs4ED9OmswdfDzpz4MpWgSrV7FXlc3zIagvLFjS5H+Mk7Snr21vQ6QwrsoCGMfNC4e4LQPdoULEt4ykz0SRQ==",
        "dependencies": {
          "@babel/core": "@babel/core@7.23.7",
          "@babel/helper-environment-visitor": "@babel/helper-environment-visitor@7.22.20",
          "@babel/helper-module-imports": "@babel/helper-module-imports@7.22.15",
          "@babel/helper-simple-access": "@babel/helper-simple-access@7.22.5",
          "@babel/helper-split-export-declaration": "@babel/helper-split-export-declaration@7.22.6",
          "@babel/helper-validator-identifier": "@babel/helper-validator-identifier@7.22.20"
        }
      },
      "@babel/helper-optimise-call-expression@7.22.5": {
        "integrity": "sha512-HBwaojN0xFRx4yIvpwGqxiV2tUfl7401jlok564NgB9EHS1y6QT17FmKWm4ztqjeVdXLuC4fSvHc5ePpQjoTbw==",
        "dependencies": {
          "@babel/types": "@babel/types@7.23.6"
        }
      },
      "@babel/helper-plugin-utils@7.22.5": {
        "integrity": "sha512-uLls06UVKgFG9QD4OeFYLEGteMIAa5kpTPcFL28yuCIIzsf6ZyKZMllKVOCZFhiZ5ptnwX4mtKdWCBE/uT4amg==",
        "dependencies": {}
      },
      "@babel/helper-replace-supers@7.22.20_@babel+core@7.23.7": {
        "integrity": "sha512-qsW0In3dbwQUbK8kejJ4R7IHVGwHJlV6lpG6UA7a9hSa2YEiAib+N1T2kr6PEeUT+Fl7najmSOS6SmAwCHK6Tw==",
        "dependencies": {
          "@babel/core": "@babel/core@7.23.7",
          "@babel/helper-environment-visitor": "@babel/helper-environment-visitor@7.22.20",
          "@babel/helper-member-expression-to-functions": "@babel/helper-member-expression-to-functions@7.23.0",
          "@babel/helper-optimise-call-expression": "@babel/helper-optimise-call-expression@7.22.5"
        }
      },
      "@babel/helper-simple-access@7.22.5": {
        "integrity": "sha512-n0H99E/K+Bika3++WNL17POvo4rKWZ7lZEp1Q+fStVbUi8nxPQEBOlTmCOxW/0JsS56SKKQ+ojAe2pHKJHN35w==",
        "dependencies": {
          "@babel/types": "@babel/types@7.23.6"
        }
      },
      "@babel/helper-skip-transparent-expression-wrappers@7.22.5": {
        "integrity": "sha512-tK14r66JZKiC43p8Ki33yLBVJKlQDFoA8GYN67lWCDCqoL6EMMSuM9b+Iff2jHaM/RRFYl7K+iiru7hbRqNx8Q==",
        "dependencies": {
          "@babel/types": "@babel/types@7.23.6"
        }
      },
      "@babel/helper-split-export-declaration@7.22.6": {
        "integrity": "sha512-AsUnxuLhRYsisFiaJwvp1QF+I3KjD5FOxut14q/GzovUe6orHLesW2C7d754kRm53h5gqrz6sFl6sxc4BVtE/g==",
        "dependencies": {
          "@babel/types": "@babel/types@7.23.6"
        }
      },
      "@babel/helper-string-parser@7.23.4": {
        "integrity": "sha512-803gmbQdqwdf4olxrX4AJyFBV/RTr3rSmOj0rKwesmzlfhYNDEs+/iOcznzpNWlJlIlTJC2QfPFcHB6DlzdVLQ==",
        "dependencies": {}
      },
      "@babel/helper-validator-identifier@7.22.20": {
        "integrity": "sha512-Y4OZ+ytlatR8AI+8KZfKuL5urKp7qey08ha31L8b3BwewJAoJamTzyvxPR/5D+KkdJCGPq/+8TukHBlY10FX9A==",
        "dependencies": {}
      },
      "@babel/helper-validator-option@7.23.5": {
        "integrity": "sha512-85ttAOMLsr53VgXkTbkx8oA6YTfT4q7/HzXSLEYmjcSTJPMPQtvq1BD79Byep5xMUYbGRzEpDsjUf3dyp54IKw==",
        "dependencies": {}
      },
      "@babel/helpers@7.23.8": {
        "integrity": "sha512-KDqYz4PiOWvDFrdHLPhKtCThtIcKVy6avWD2oG4GEvyQ+XDZwHD4YQd+H2vNMnq2rkdxsDkU82T+Vk8U/WXHRQ==",
        "dependencies": {
          "@babel/template": "@babel/template@7.22.15",
          "@babel/traverse": "@babel/traverse@7.23.7",
          "@babel/types": "@babel/types@7.23.6"
        }
      },
      "@babel/highlight@7.23.4": {
        "integrity": "sha512-acGdbYSfp2WheJoJm/EBBBLh/ID8KDc64ISZ9DYtBmC8/Q204PZJLHyzeB5qMzJ5trcOkybd78M4x2KWsUq++A==",
        "dependencies": {
          "@babel/helper-validator-identifier": "@babel/helper-validator-identifier@7.22.20",
          "chalk": "chalk@2.4.2",
          "js-tokens": "js-tokens@4.0.0"
        }
      },
      "@babel/parser@7.23.6": {
        "integrity": "sha512-Z2uID7YJ7oNvAI20O9X0bblw7Qqs8Q2hFy0R9tAfnfLkp5MW0UH9eUvnDSnFwKZ0AvgS1ucqR4KzvVHgnke1VQ==",
        "dependencies": {}
      },
      "@babel/plugin-syntax-jsx@7.23.3_@babel+core@7.23.7": {
        "integrity": "sha512-EB2MELswq55OHUoRZLGg/zC7QWUKfNLpE57m/S2yr1uEneIgsTgrSzXP3NXEsMkVn76OlaVVnzN+ugObuYGwhg==",
        "dependencies": {
          "@babel/core": "@babel/core@7.23.7",
          "@babel/helper-plugin-utils": "@babel/helper-plugin-utils@7.22.5"
        }
      },
      "@babel/plugin-syntax-typescript@7.23.3_@babel+core@7.23.7": {
        "integrity": "sha512-9EiNjVJOMwCO+43TqoTrgQ8jMwcAd0sWyXi9RPfIsLTj4R2MADDDQXELhffaUx/uJv2AYcxBgPwH6j4TIA4ytQ==",
        "dependencies": {
          "@babel/core": "@babel/core@7.23.7",
          "@babel/helper-plugin-utils": "@babel/helper-plugin-utils@7.22.5"
        }
      },
      "@babel/plugin-transform-modules-commonjs@7.23.3_@babel+core@7.23.7": {
        "integrity": "sha512-aVS0F65LKsdNOtcz6FRCpE4OgsP2OFnW46qNxNIX9h3wuzaNcSQsJysuMwqSibC98HPrf2vCgtxKNwS0DAlgcA==",
        "dependencies": {
          "@babel/core": "@babel/core@7.23.7",
          "@babel/helper-module-transforms": "@babel/helper-module-transforms@7.23.3_@babel+core@7.23.7",
          "@babel/helper-plugin-utils": "@babel/helper-plugin-utils@7.22.5",
          "@babel/helper-simple-access": "@babel/helper-simple-access@7.22.5"
        }
      },
      "@babel/plugin-transform-typescript@7.23.6_@babel+core@7.23.7": {
        "integrity": "sha512-6cBG5mBvUu4VUD04OHKnYzbuHNP8huDsD3EDqqpIpsswTDoqHCjLoHb6+QgsV1WsT2nipRqCPgxD3LXnEO7XfA==",
        "dependencies": {
          "@babel/core": "@babel/core@7.23.7",
          "@babel/helper-annotate-as-pure": "@babel/helper-annotate-as-pure@7.22.5",
          "@babel/helper-create-class-features-plugin": "@babel/helper-create-class-features-plugin@7.23.7_@babel+core@7.23.7",
          "@babel/helper-plugin-utils": "@babel/helper-plugin-utils@7.22.5",
          "@babel/plugin-syntax-typescript": "@babel/plugin-syntax-typescript@7.23.3_@babel+core@7.23.7"
        }
      },
      "@babel/preset-typescript@7.23.3_@babel+core@7.23.7": {
        "integrity": "sha512-17oIGVlqz6CchO9RFYn5U6ZpWRZIngayYCtrPRSgANSwC2V1Jb+iP74nVxzzXJte8b8BYxrL1yY96xfhTBrNNQ==",
        "dependencies": {
          "@babel/core": "@babel/core@7.23.7",
          "@babel/helper-plugin-utils": "@babel/helper-plugin-utils@7.22.5",
          "@babel/helper-validator-option": "@babel/helper-validator-option@7.23.5",
          "@babel/plugin-syntax-jsx": "@babel/plugin-syntax-jsx@7.23.3_@babel+core@7.23.7",
          "@babel/plugin-transform-modules-commonjs": "@babel/plugin-transform-modules-commonjs@7.23.3_@babel+core@7.23.7",
          "@babel/plugin-transform-typescript": "@babel/plugin-transform-typescript@7.23.6_@babel+core@7.23.7"
        }
      },
      "@babel/template@7.22.15": {
        "integrity": "sha512-QPErUVm4uyJa60rkI73qneDacvdvzxshT3kksGqlGWYdOTIUOwJ7RDUL8sGqslY1uXWSL6xMFKEXDS3ox2uF0w==",
        "dependencies": {
          "@babel/code-frame": "@babel/code-frame@7.23.5",
          "@babel/parser": "@babel/parser@7.23.6",
          "@babel/types": "@babel/types@7.23.6"
        }
      },
      "@babel/traverse@7.23.7": {
        "integrity": "sha512-tY3mM8rH9jM0YHFGyfC0/xf+SB5eKUu7HPj7/k3fpi9dAlsMc5YbQvDi0Sh2QTPXqMhyaAtzAr807TIyfQrmyg==",
        "dependencies": {
          "@babel/code-frame": "@babel/code-frame@7.23.5",
          "@babel/generator": "@babel/generator@7.23.6",
          "@babel/helper-environment-visitor": "@babel/helper-environment-visitor@7.22.20",
          "@babel/helper-function-name": "@babel/helper-function-name@7.23.0",
          "@babel/helper-hoist-variables": "@babel/helper-hoist-variables@7.22.5",
          "@babel/helper-split-export-declaration": "@babel/helper-split-export-declaration@7.22.6",
          "@babel/parser": "@babel/parser@7.23.6",
          "@babel/types": "@babel/types@7.23.6",
          "debug": "debug@4.3.4",
          "globals": "globals@11.12.0"
        }
      },
      "@babel/types@7.23.6": {
        "integrity": "sha512-+uarb83brBzPKN38NX1MkB6vb6+mwvR6amUulqAE7ccQw1pEl+bCia9TbdG1lsnFP7lZySvUn37CHyXQdfTwzg==",
        "dependencies": {
          "@babel/helper-string-parser": "@babel/helper-string-parser@7.23.4",
          "@babel/helper-validator-identifier": "@babel/helper-validator-identifier@7.22.20",
          "to-fast-properties": "to-fast-properties@2.0.0"
        }
      },
      "@esbuild/aix-ppc64@0.19.11": {
        "integrity": "sha512-FnzU0LyE3ySQk7UntJO4+qIiQgI7KoODnZg5xzXIrFJlKd2P2gwHsHY4927xj9y5PJmJSzULiUCWmv7iWnNa7g==",
        "dependencies": {}
      },
      "@esbuild/android-arm64@0.19.11": {
        "integrity": "sha512-aiu7K/5JnLj//KOnOfEZ0D90obUkRzDMyqd/wNAUQ34m4YUPVhRZpnqKV9uqDGxT7cToSDnIHsGooyIczu9T+Q==",
        "dependencies": {}
      },
      "@esbuild/android-arm@0.19.11": {
        "integrity": "sha512-5OVapq0ClabvKvQ58Bws8+wkLCV+Rxg7tUVbo9xu034Nm536QTII4YzhaFriQ7rMrorfnFKUsArD2lqKbFY4vw==",
        "dependencies": {}
      },
      "@esbuild/android-x64@0.19.11": {
        "integrity": "sha512-eccxjlfGw43WYoY9QgB82SgGgDbibcqyDTlk3l3C0jOVHKxrjdc9CTwDUQd0vkvYg5um0OH+GpxYvp39r+IPOg==",
        "dependencies": {}
      },
      "@esbuild/darwin-arm64@0.19.11": {
        "integrity": "sha512-ETp87DRWuSt9KdDVkqSoKoLFHYTrkyz2+65fj9nfXsaV3bMhTCjtQfw3y+um88vGRKRiF7erPrh/ZuIdLUIVxQ==",
        "dependencies": {}
      },
      "@esbuild/darwin-x64@0.19.11": {
        "integrity": "sha512-fkFUiS6IUK9WYUO/+22omwetaSNl5/A8giXvQlcinLIjVkxwTLSktbF5f/kJMftM2MJp9+fXqZ5ezS7+SALp4g==",
        "dependencies": {}
      },
      "@esbuild/freebsd-arm64@0.19.11": {
        "integrity": "sha512-lhoSp5K6bxKRNdXUtHoNc5HhbXVCS8V0iZmDvyWvYq9S5WSfTIHU2UGjcGt7UeS6iEYp9eeymIl5mJBn0yiuxA==",
        "dependencies": {}
      },
      "@esbuild/freebsd-x64@0.19.11": {
        "integrity": "sha512-JkUqn44AffGXitVI6/AbQdoYAq0TEullFdqcMY/PCUZ36xJ9ZJRtQabzMA+Vi7r78+25ZIBosLTOKnUXBSi1Kw==",
        "dependencies": {}
      },
      "@esbuild/linux-arm64@0.19.11": {
        "integrity": "sha512-LneLg3ypEeveBSMuoa0kwMpCGmpu8XQUh+mL8XXwoYZ6Be2qBnVtcDI5azSvh7vioMDhoJFZzp9GWp9IWpYoUg==",
        "dependencies": {}
      },
      "@esbuild/linux-arm@0.19.11": {
        "integrity": "sha512-3CRkr9+vCV2XJbjwgzjPtO8T0SZUmRZla+UL1jw+XqHZPkPgZiyWvbDvl9rqAN8Zl7qJF0O/9ycMtjU67HN9/Q==",
        "dependencies": {}
      },
      "@esbuild/linux-ia32@0.19.11": {
        "integrity": "sha512-caHy++CsD8Bgq2V5CodbJjFPEiDPq8JJmBdeyZ8GWVQMjRD0sU548nNdwPNvKjVpamYYVL40AORekgfIubwHoA==",
        "dependencies": {}
      },
      "@esbuild/linux-loong64@0.19.11": {
        "integrity": "sha512-ppZSSLVpPrwHccvC6nQVZaSHlFsvCQyjnvirnVjbKSHuE5N24Yl8F3UwYUUR1UEPaFObGD2tSvVKbvR+uT1Nrg==",
        "dependencies": {}
      },
      "@esbuild/linux-mips64el@0.19.11": {
        "integrity": "sha512-B5x9j0OgjG+v1dF2DkH34lr+7Gmv0kzX6/V0afF41FkPMMqaQ77pH7CrhWeR22aEeHKaeZVtZ6yFwlxOKPVFyg==",
        "dependencies": {}
      },
      "@esbuild/linux-ppc64@0.19.11": {
        "integrity": "sha512-MHrZYLeCG8vXblMetWyttkdVRjQlQUb/oMgBNurVEnhj4YWOr4G5lmBfZjHYQHHN0g6yDmCAQRR8MUHldvvRDA==",
        "dependencies": {}
      },
      "@esbuild/linux-riscv64@0.19.11": {
        "integrity": "sha512-f3DY++t94uVg141dozDu4CCUkYW+09rWtaWfnb3bqe4w5NqmZd6nPVBm+qbz7WaHZCoqXqHz5p6CM6qv3qnSSQ==",
        "dependencies": {}
      },
      "@esbuild/linux-s390x@0.19.11": {
        "integrity": "sha512-A5xdUoyWJHMMlcSMcPGVLzYzpcY8QP1RtYzX5/bS4dvjBGVxdhuiYyFwp7z74ocV7WDc0n1harxmpq2ePOjI0Q==",
        "dependencies": {}
      },
      "@esbuild/linux-x64@0.19.11": {
        "integrity": "sha512-grbyMlVCvJSfxFQUndw5mCtWs5LO1gUlwP4CDi4iJBbVpZcqLVT29FxgGuBJGSzyOxotFG4LoO5X+M1350zmPA==",
        "dependencies": {}
      },
      "@esbuild/netbsd-x64@0.19.11": {
        "integrity": "sha512-13jvrQZJc3P230OhU8xgwUnDeuC/9egsjTkXN49b3GcS5BKvJqZn86aGM8W9pd14Kd+u7HuFBMVtrNGhh6fHEQ==",
        "dependencies": {}
      },
      "@esbuild/openbsd-x64@0.19.11": {
        "integrity": "sha512-ysyOGZuTp6SNKPE11INDUeFVVQFrhcNDVUgSQVDzqsqX38DjhPEPATpid04LCoUr2WXhQTEZ8ct/EgJCUDpyNw==",
        "dependencies": {}
      },
      "@esbuild/sunos-x64@0.19.11": {
        "integrity": "sha512-Hf+Sad9nVwvtxy4DXCZQqLpgmRTQqyFyhT3bZ4F2XlJCjxGmRFF0Shwn9rzhOYRB61w9VMXUkxlBy56dk9JJiQ==",
        "dependencies": {}
      },
      "@esbuild/win32-arm64@0.19.11": {
        "integrity": "sha512-0P58Sbi0LctOMOQbpEOvOL44Ne0sqbS0XWHMvvrg6NE5jQ1xguCSSw9jQeUk2lfrXYsKDdOe6K+oZiwKPilYPQ==",
        "dependencies": {}
      },
      "@esbuild/win32-ia32@0.19.11": {
        "integrity": "sha512-6YOrWS+sDJDmshdBIQU+Uoyh7pQKrdykdefC1avn76ss5c+RN6gut3LZA4E2cH5xUEp5/cA0+YxRaVtRAb0xBg==",
        "dependencies": {}
      },
      "@esbuild/win32-x64@0.19.11": {
        "integrity": "sha512-vfkhltrjCAb603XaFhqhAF4LGDi2M4OrCRrFusyQ+iTLQ/o60QQXxc9cZC/FFpihBI9N1Grn6SMKVJ4KP7Fuiw==",
        "dependencies": {}
      },
      "@jridgewell/gen-mapping@0.3.3": {
        "integrity": "sha512-HLhSWOLRi875zjjMG/r+Nv0oCW8umGb0BgEhyX3dDX3egwZtB8PqLnjz3yedt8R5StBrzcg4aBpnh8UA9D1BoQ==",
        "dependencies": {
          "@jridgewell/set-array": "@jridgewell/set-array@1.1.2",
          "@jridgewell/sourcemap-codec": "@jridgewell/sourcemap-codec@1.4.15",
          "@jridgewell/trace-mapping": "@jridgewell/trace-mapping@0.3.21"
        }
      },
      "@jridgewell/resolve-uri@3.1.1": {
        "integrity": "sha512-dSYZh7HhCDtCKm4QakX0xFpsRDqjjtZf/kjI/v3T3Nwt5r8/qz/M19F9ySyOqU94SXBmeG9ttTul+YnR4LOxFA==",
        "dependencies": {}
      },
      "@jridgewell/set-array@1.1.2": {
        "integrity": "sha512-xnkseuNADM0gt2bs+BvhO0p78Mk762YnZdsuzFV018NoG1Sj1SCQvpSqa7XUaTam5vAGasABV9qXASMKnFMwMw==",
        "dependencies": {}
      },
      "@jridgewell/sourcemap-codec@1.4.15": {
        "integrity": "sha512-eF2rxCRulEKXHTRiDrDy6erMYWqNw4LPdQ8UQA4huuxaQsVeRPFl2oM8oDGxMFhJUWZf9McpLtJasDDZb/Bpeg==",
        "dependencies": {}
      },
      "@jridgewell/trace-mapping@0.3.21": {
        "integrity": "sha512-SRfKmRe1KvYnxjEMtxEr+J4HIeMX5YBg/qhRHpxEIGjhX1rshcHlnFUE9K0GazhVKWM7B+nARSkV8LuvJdJ5/g==",
        "dependencies": {
          "@jridgewell/resolve-uri": "@jridgewell/resolve-uri@3.1.1",
          "@jridgewell/sourcemap-codec": "@jridgewell/sourcemap-codec@1.4.15"
        }
      },
      "@xmldom/xmldom@0.8.10": {
        "integrity": "sha512-2WALfTl4xo2SkGCYRt6rDTFfk9R1czmBvUQy12gK2KuRKIpWEhcbbzy8EZXtz/jkRqHX8bFEc6FC1HjX4TUWYw==",
        "dependencies": {}
      },
      "ansi-styles@3.2.1": {
        "integrity": "sha512-VT0ZI6kZRdTh8YyJw3SMbYm/u+NqfsAxEpWO0Pf9sq8/e94WxxOpPKx9FR1FlyCtOVDNOQ+8ntlqFxiRc+r5qA==",
        "dependencies": {
          "color-convert": "color-convert@1.9.3"
        }
      },
      "babel-plugin-jsx-dom-expressions@0.37.13_@babel+core@7.23.7": {
        "integrity": "sha512-oAEMMIgU0h1DmHn4ZDaBBFc08nsVJciLq9pF7g0ZdpeIDKfY4zXjXr8+/oBjKhXG8nyomhnTodPjeG+/ZXcWXQ==",
        "dependencies": {
          "@babel/core": "@babel/core@7.23.7",
          "@babel/helper-module-imports": "@babel/helper-module-imports@7.18.6",
          "@babel/plugin-syntax-jsx": "@babel/plugin-syntax-jsx@7.23.3_@babel+core@7.23.7",
          "@babel/types": "@babel/types@7.23.6",
          "html-entities": "html-entities@2.3.3",
          "validate-html-nesting": "validate-html-nesting@1.2.2"
        }
      },
      "babel-preset-solid@1.8.9_@babel+core@7.23.7": {
        "integrity": "sha512-1awR1QCoryXtAdnjsrx/eVBTYz+tpHUDOdBXqG9oVV7S0ojf2MV/woR0+8BG+LMXVzIr60oKYzCZ9UZGafxmpg==",
        "dependencies": {
          "@babel/core": "@babel/core@7.23.7",
          "babel-plugin-jsx-dom-expressions": "babel-plugin-jsx-dom-expressions@0.37.13_@babel+core@7.23.7"
        }
      },
      "base64-js@1.5.1": {
        "integrity": "sha512-AKpaYlHn8t4SVbOHCy+b5+KKgvR4vrsD8vbvrbiQJps7fKDTkjkDry6ji0rUJjC0kzbNePLwzxq8iypo41qeWA==",
        "dependencies": {}
      },
      "big-integer@1.6.52": {
        "integrity": "sha512-QxD8cf2eVqJOOz63z6JIN9BzvVs/dlySa5HGSBH5xtR8dPteIRQnBxxKqkNTiT6jbDTF6jAfrd4oMcND9RGbQg==",
        "dependencies": {}
      },
      "bplist-creator@0.1.0": {
        "integrity": "sha512-sXaHZicyEEmY86WyueLTQesbeoH/mquvarJaQNbjuOQO+7gbFcDEWqKmcWA4cOTLzFlfgvkiVxolk1k5bBIpmg==",
        "dependencies": {
          "stream-buffers": "stream-buffers@2.2.0"
        }
      },
      "bplist-parser@0.3.1": {
        "integrity": "sha512-PyJxiNtA5T2PlLIeBot4lbp7rj4OadzjnMZD/G5zuBNt8ei/yCU7+wW0h2bag9vr8c+/WuRWmSxbqAl9hL1rBA==",
        "dependencies": {
          "big-integer": "big-integer@1.6.52"
        }
      },
      "browserslist@4.22.2": {
        "integrity": "sha512-0UgcrvQmBDvZHFGdYUehrCNIazki7/lUP3kkoi/r3YB2amZbFM9J43ZRkJTXBUZK4gmx56+Sqk9+Vs9mwZx9+A==",
        "dependencies": {
          "caniuse-lite": "caniuse-lite@1.0.30001576",
          "electron-to-chromium": "electron-to-chromium@1.4.630",
          "node-releases": "node-releases@2.0.14",
          "update-browserslist-db": "update-browserslist-db@1.0.13_browserslist@4.22.2"
        }
      },
      "caniuse-lite@1.0.30001576": {
        "integrity": "sha512-ff5BdakGe2P3SQsMsiqmt1Lc8221NR1VzHj5jXN5vBny9A6fpze94HiVV/n7XRosOlsShJcvMv5mdnpjOGCEgg==",
        "dependencies": {}
      },
      "chalk@2.4.2": {
        "integrity": "sha512-Mti+f9lpJNcwF4tWV8/OrTTtF1gZi+f8FqlyAdouralcFWFQWF2+NgCHShjkCb+IFBLq9buZwE1xckQU4peSuQ==",
        "dependencies": {
          "ansi-styles": "ansi-styles@3.2.1",
          "escape-string-regexp": "escape-string-regexp@1.0.5",
          "supports-color": "supports-color@5.5.0"
        }
      },
      "color-convert@1.9.3": {
        "integrity": "sha512-QfAUtd+vFdAtFQcC8CCyYt1fYWxSqAiK2cSD6zDB8N3cpsEBAvRxp9zOGg6G/SHHJYAT88/az/IuDGALsNVbGg==",
        "dependencies": {
          "color-name": "color-name@1.1.3"
        }
      },
      "color-name@1.1.3": {
        "integrity": "sha512-72fSenhMw2HZMTVHeCA9KCmpEIbzWiQsjN+BHcBbS9vr1mtt+vJjPdksIBNUmKAW8TFUDPJK5SUU3QhE9NEXDw==",
        "dependencies": {}
      },
      "convert-source-map@2.0.0": {
        "integrity": "sha512-Kvp459HrV2FEJ1CAsi1Ku+MY3kasH19TFykTz2xWmMeq6bk2NU3XXvfJ+Q61m0xktWwt+1HSYf3JZsTms3aRJg==",
        "dependencies": {}
      },
      "csstype@3.1.3": {
        "integrity": "sha512-M1uQkMl8rQK/szD0LNhtqxIPLpimGm8sOBwU7lLnCpSbTyY3yeU1Vc7l4KT5zT4s/yOxHH5O7tIuuLOCnLADRw==",
        "dependencies": {}
      },
      "debug@4.3.4": {
        "integrity": "sha512-PRWFHuSU3eDtQJPvnNY7Jcket1j0t5OuOsFzPPzsekD52Zl8qUfFIPEiswXqIvHWGVHOgX+7G/vCNNhehwxfkQ==",
        "dependencies": {
          "ms": "ms@2.1.2"
        }
      },
      "electron-to-chromium@1.4.630": {
        "integrity": "sha512-osHqhtjojpCsACVnuD11xO5g9xaCyw7Qqn/C2KParkMv42i8jrJJgx3g7mkHfpxwhy9MnOJr8+pKOdZ7qzgizg==",
        "dependencies": {}
      },
      "esbuild-plugin-solid@0.5.0_esbuild@0.19.11_solid-js@1.8.11__seroval@1.0.4_@babel+core@7.23.7": {
        "integrity": "sha512-ITK6n+0ayGFeDVUZWNMxX+vLsasEN1ILrg4pISsNOQ+mq4ljlJJiuXotInd+HE0MzwTcA9wExT1yzDE2hsqPsg==",
        "dependencies": {
          "@babel/core": "@babel/core@7.23.7",
          "@babel/preset-typescript": "@babel/preset-typescript@7.23.3_@babel+core@7.23.7",
          "babel-preset-solid": "babel-preset-solid@1.8.9_@babel+core@7.23.7",
          "esbuild": "esbuild@0.19.11",
          "solid-js": "solid-js@1.8.11_seroval@1.0.4"
        }
      },
      "esbuild@0.19.11": {
        "integrity": "sha512-HJ96Hev2hX/6i5cDVwcqiJBBtuo9+FeIJOtZ9W1kA5M6AMJRHUZlpYZ1/SbEwtO0ioNAW8rUooVpC/WehY2SfA==",
        "dependencies": {
          "@esbuild/aix-ppc64": "@esbuild/aix-ppc64@0.19.11",
          "@esbuild/android-arm": "@esbuild/android-arm@0.19.11",
          "@esbuild/android-arm64": "@esbuild/android-arm64@0.19.11",
          "@esbuild/android-x64": "@esbuild/android-x64@0.19.11",
          "@esbuild/darwin-arm64": "@esbuild/darwin-arm64@0.19.11",
          "@esbuild/darwin-x64": "@esbuild/darwin-x64@0.19.11",
          "@esbuild/freebsd-arm64": "@esbuild/freebsd-arm64@0.19.11",
          "@esbuild/freebsd-x64": "@esbuild/freebsd-x64@0.19.11",
          "@esbuild/linux-arm": "@esbuild/linux-arm@0.19.11",
          "@esbuild/linux-arm64": "@esbuild/linux-arm64@0.19.11",
          "@esbuild/linux-ia32": "@esbuild/linux-ia32@0.19.11",
          "@esbuild/linux-loong64": "@esbuild/linux-loong64@0.19.11",
          "@esbuild/linux-mips64el": "@esbuild/linux-mips64el@0.19.11",
          "@esbuild/linux-ppc64": "@esbuild/linux-ppc64@0.19.11",
          "@esbuild/linux-riscv64": "@esbuild/linux-riscv64@0.19.11",
          "@esbuild/linux-s390x": "@esbuild/linux-s390x@0.19.11",
          "@esbuild/linux-x64": "@esbuild/linux-x64@0.19.11",
          "@esbuild/netbsd-x64": "@esbuild/netbsd-x64@0.19.11",
          "@esbuild/openbsd-x64": "@esbuild/openbsd-x64@0.19.11",
          "@esbuild/sunos-x64": "@esbuild/sunos-x64@0.19.11",
          "@esbuild/win32-arm64": "@esbuild/win32-arm64@0.19.11",
          "@esbuild/win32-ia32": "@esbuild/win32-ia32@0.19.11",
          "@esbuild/win32-x64": "@esbuild/win32-x64@0.19.11"
        }
      },
      "escalade@3.1.1": {
        "integrity": "sha512-k0er2gUkLf8O0zKJiAhmkTnJlTvINGv7ygDNPbeIsX/TJjGJZHuh9B2UxbsaEkmlEo9MfhrSzmhIlhRlI2GXnw==",
        "dependencies": {}
      },
      "escape-string-regexp@1.0.5": {
        "integrity": "sha512-vbRorB5FUQWvla16U8R/qgaFIya2qGzwDrNmCZuYKrbdSUMG6I1ZCGQRefkRVhuOkIGVne7BQ35DSfo1qvJqFg==",
        "dependencies": {}
      },
      "gensync@1.0.0-beta.2": {
        "integrity": "sha512-3hN7NaskYvMDLQY55gnW3NQ+mesEAepTqlg+VEbj7zzqEMBVNhzcGYYeqFo/TlYz6eQiFcp1HcsCZO+nGgS8zg==",
        "dependencies": {}
      },
      "globals@11.12.0": {
        "integrity": "sha512-WOBp/EEGUiIsJSp7wcv/y6MO+lV9UoncWqxuFfm8eBwzWNgyfBd6Gz+IeKQ9jCmyhoH99g15M3T+QaVHFjizVA==",
        "dependencies": {}
      },
      "has-flag@3.0.0": {
        "integrity": "sha512-sKJf1+ceQBr4SMkvQnBDNDtf4TXpVhVGateu0t918bl30FnbE2m4vNLX+VWe/dpjlb+HugGYzW7uQXH98HPEYw==",
        "dependencies": {}
      },
      "html-entities@2.3.3": {
        "integrity": "sha512-DV5Ln36z34NNTDgnz0EWGBLZENelNAtkiFA4kyNOG2tDI6Mz1uSWiq1wAKdyjnJwyDiDO7Fa2SO1CTxPXL8VxA==",
        "dependencies": {}
      },
      "js-tokens@4.0.0": {
        "integrity": "sha512-RdJUflcE3cUzKiMqQgsCu06FPu9UdIJO0beYbPhHN4k6apgJtifcoCtT9bcxOpYBtpD2kCM6Sbzg4CausW/PKQ==",
        "dependencies": {}
      },
      "jsesc@2.5.2": {
        "integrity": "sha512-OYu7XEzjkCQ3C5Ps3QIZsQfNpqoJyZZA99wd9aWd05NCtC5pWOkShK2mkL6HXQR6/Cy2lbNdPlZBpuQHXE63gA==",
        "dependencies": {}
      },
      "json5@2.2.3": {
        "integrity": "sha512-XmOWe7eyHYH14cLdVPoyg+GOH3rYX++KpzrylJwSW98t3Nk+U8XOl8FWKOgwtzdb8lXGf6zYwDUzeHMWfxasyg==",
        "dependencies": {}
      },
      "lru-cache@5.1.1": {
        "integrity": "sha512-KpNARQA3Iwv+jTA0utUVVbrh+Jlrr1Fv0e56GGzAFOXN7dk/FviaDW8LHmK52DlcH4WP2n6gI8vN1aesBFgo9w==",
        "dependencies": {
          "yallist": "yallist@3.1.1"
        }
      },
      "ms@2.1.2": {
        "integrity": "sha512-sGkPx+VjMtmA6MX27oA4FBFELFCZZ4S4XqeGOXCv68tT+jb3vk/RyaKWP0PTKyWtmLSM0b+adUTEvbs1PEaH2w==",
        "dependencies": {}
      },
      "node-releases@2.0.14": {
        "integrity": "sha512-y10wOWt8yZpqXmOgRo77WaHEmhYQYGNA6y421PKsKYWEK8aW+cqAphborZDhqfyKrbZEN92CN1X2KbafY2s7Yw==",
        "dependencies": {}
      },
      "pbxproj-dom@1.0.0": {
        "integrity": "sha512-HzWEl1ypR4+Ga8+T/eZAVaMd9hXvUiXZZlL2OkzdWEL4eBiA0MiAwpe+Qnh2T4UaOJsiZDJ0Bc3D84bx0EMfVQ==",
        "dependencies": {}
      },
      "pbxproj-dom@1.2.0": {
        "integrity": "sha512-K2czrWqA68AR0q1UXz5EBi/zoxcljrkO4RSJX0jPnVn3iyE0HYnYOzaEEDYMpueczkT/Vtdm3SCc3NM+12kMaQ==",
        "dependencies": {}
      },
      "picocolors@1.0.0": {
        "integrity": "sha512-1fygroTLlHu66zi26VoTDv8yRgm0Fccecssto+MhsZ0D/DGW2sm8E8AjW7NU5VVTRt5GxbeZ5qBuJr+HyLYkjQ==",
        "dependencies": {}
      },
      "plist@3.1.0": {
        "integrity": "sha512-uysumyrvkUX0rX/dEVqt8gC3sTBzd4zoWfLeS29nb53imdaXVvLINYXTI2GNqzaMuvacNx4uJQ8+b3zXR0pkgQ==",
        "dependencies": {
          "@xmldom/xmldom": "@xmldom/xmldom@0.8.10",
          "base64-js": "base64-js@1.5.1",
          "xmlbuilder": "xmlbuilder@15.1.1"
        }
      },
      "semver@6.3.1": {
        "integrity": "sha512-BR7VvDCVHO+q2xBEWskxS6DJE1qRnb7DxzUrogb71CWoSficBxYsiAGd+Kl0mmq/MprG9yArRkyrQxTO6XjMzA==",
        "dependencies": {}
      },
      "seroval-plugins@1.0.4_seroval@1.0.4": {
        "integrity": "sha512-DQ2IK6oQVvy8k+c2V5x5YCtUa/GGGsUwUBNN9UqohrZ0rWdUapBFpNMYP1bCyRHoxOJjdKGl+dieacFIpU/i1A==",
        "dependencies": {
          "seroval": "seroval@1.0.4"
        }
      },
      "seroval@1.0.4": {
        "integrity": "sha512-qQs/N+KfJu83rmszFQaTxcoJoPn6KNUruX4KmnmyD0oZkUoiNvJ1rpdYKDf4YHM05k+HOgCxa3yvf15QbVijGg==",
        "dependencies": {}
      },
      "simple-plist@1.3.1": {
        "integrity": "sha512-iMSw5i0XseMnrhtIzRb7XpQEXepa9xhWxGUojHBL43SIpQuDQkh3Wpy67ZbDzZVr6EKxvwVChnVpdl8hEVLDiw==",
        "dependencies": {
          "bplist-creator": "bplist-creator@0.1.0",
          "bplist-parser": "bplist-parser@0.3.1",
          "plist": "plist@3.1.0"
        }
      },
      "solid-js@1.8.11_seroval@1.0.4": {
        "integrity": "sha512-WdwmER+TwBJiN4rVQTVBxocg+9pKlOs41KzPYntrC86xO5sek8TzBYozPEZPL1IRWDouf2lMrvSbIs3CanlPvQ==",
        "dependencies": {
          "csstype": "csstype@3.1.3",
          "seroval": "seroval@1.0.4",
          "seroval-plugins": "seroval-plugins@1.0.4_seroval@1.0.4"
        }
      },
      "stream-buffers@2.2.0": {
        "integrity": "sha512-uyQK/mx5QjHun80FLJTfaWE7JtwfRMKBLkMne6udYOmvH0CawotVa7TfgYHzAnpphn4+TweIx1QKMnRIbipmUg==",
        "dependencies": {}
      },
      "supports-color@5.5.0": {
        "integrity": "sha512-QjVjwdXIt408MIiAqCX4oUKsgU2EqAGzs2Ppkm4aQYbjm+ZEWEcW4SfFNTr4uMNZma0ey4f5lgLrkB0aX0QMow==",
        "dependencies": {
          "has-flag": "has-flag@3.0.0"
        }
      },
      "to-fast-properties@2.0.0": {
        "integrity": "sha512-/OaKK0xYrs3DmxRYqL/yDc+FxFUVYhDlXMhRmv3z915w2HF1tnN1omB354j8VUGO/hbRzyD6Y3sA7v7GS/ceog==",
        "dependencies": {}
      },
      "update-browserslist-db@1.0.13_browserslist@4.22.2": {
        "integrity": "sha512-xebP81SNcPuNpPP3uzeW1NYXxI3rxyJzF3pD6sH4jE7o/IX+WtSpwnVU+qIsDPyk0d3hmFQ7mjqc6AtV604hbg==",
        "dependencies": {
          "browserslist": "browserslist@4.22.2",
          "escalade": "escalade@3.1.1",
          "picocolors": "picocolors@1.0.0"
        }
      },
      "uuid@7.0.3": {
        "integrity": "sha512-DPSke0pXhTZgoF/d+WSt2QaKMCFSfx7QegxEWT+JOuHF5aWrKEn0G+ztjuJg/gG8/ItK+rbPCD/yNv8yyih6Cg==",
        "dependencies": {}
      },
      "validate-html-nesting@1.2.2": {
        "integrity": "sha512-hGdgQozCsQJMyfK5urgFcWEqsSSrK63Awe0t/IMR0bZ0QMtnuaiHzThW81guu3qx9abLi99NEuiaN6P9gVYsNg==",
        "dependencies": {}
      },
      "xcode@3.0.1": {
        "integrity": "sha512-kCz5k7J7XbJtjABOvkc5lJmkiDh8VhjVCGNiqdKCscmVpdVUpEAyXv1xmCLkQJ5dsHqx3IPO4XW+NTDhU/fatA==",
        "dependencies": {
          "simple-plist": "simple-plist@1.3.1",
          "uuid": "uuid@7.0.3"
        }
      },
      "xmlbuilder@15.1.1": {
        "integrity": "sha512-yMqGBqtXyeN1e3TGYvgNgDVZ3j84W4cwkOXQswghol6APgZWaff9lnbvN7MHYJOiXsvGPXtjTYJEiC9J2wv9Eg==",
        "dependencies": {}
      },
      "yallist@3.1.1": {
        "integrity": "sha512-a4UGQaWPH59mOXUYnAG2ewncQS4i4F43Tv3JoAM+s2VDAmS9NsK8GpDMLrCHPksFT7h3K6TOoUNn2pb7RoXx4g==",
        "dependencies": {}
      }
    }
  },
  "remote": {}
}
