// !$*UTF8*$!
{
	archiveVersion = 1;
	classes = {
	};
	objectVersion = 60;
	objects = {

/* Begin PBXBuildFile section */
		5812F9772B522228001BEE89 /* SolidNativeApp.swift in Sources */ = {isa = PBXBuildFile; fileRef = 5812F9762B522228001BEE89 /* SolidNativeApp.swift */; };
		5812F9792B522228001BEE89 /* ContentView.swift in Sources */ = {isa = PBXBuildFile; fileRef = 5812F9782B522228001BEE89 /* ContentView.swift */; };
		5812F97B2B52222B001BEE89 /* Assets.xcassets in Resources */ = {isa = PBXBuildFile; fileRef = 5812F97A2B52222B001BEE89 /* Assets.xcassets */; };
		5812F97E2B52222B001BEE89 /* Preview Assets.xcassets in Resources */ = {isa = PBXBuildFile; fileRef = 5812F97D2B52222B001BEE89 /* Preview Assets.xcassets */; };
		5812F9882B52222C001BEE89 /* SolidNativeTests.swift in Sources */ = {isa = PBXBuildFile; fileRef = 5812F9872B52222C001BEE89 /* SolidNativeTests.swift */; };
		5812F9922B52222C001BEE89 /* SolidNativeUITests.swift in Sources */ = {isa = PBXBuildFile; fileRef = 5812F9912B52222C001BEE89 /* SolidNativeUITests.swift */; };
		5812F9942B52222C001BEE89 /* SolidNativeUITestsLaunchTests.swift in Sources */ = {isa = PBXBuildFile; fileRef = 5812F9932B52222C001BEE89 /* SolidNativeUITestsLaunchTests.swift */; };
		58335F332C1607E7005EC584 /* YogaSwiftUI in Frameworks */ = {isa = PBXBuildFile; productRef = 58335F322C1607E7005EC584 /* YogaSwiftUI */; };
		583FC9032B6F00FB005EE669 /* SNText.swift in Sources */ = {isa = PBXBuildFile; fileRef = 583FC9022B6F00FB005EE669 /* SNText.swift */; };
		58BE0CDF2C1702F600666362 /* YogaTypeMarshaller.swift in Sources */ = {isa = PBXBuildFile; fileRef = 58BE0CDE2C1702F600666362 /* YogaTypeMarshaller.swift */; };
		58BE0CE12C17034F00666362 /* SolidNativeViewStyler.swift in Sources */ = {isa = PBXBuildFile; fileRef = 58BE0CE02C17034F00666362 /* SolidNativeViewStyler.swift */; };
		58CFF7442B5A149300BA84C7 /* SolidNativeCore.swift in Sources */ = {isa = PBXBuildFile; fileRef = 58CFF7432B5A149300BA84C7 /* SolidNativeCore.swift */; };
		58CFF7482B5A1E1800BA84C7 /* SNRender.swift in Sources */ = {isa = PBXBuildFile; fileRef = 58CFF7472B5A1E1800BA84C7 /* SNRender.swift */; };
		58CFF74A2B5A1E4500BA84C7 /* SNView.swift in Sources */ = {isa = PBXBuildFile; fileRef = 58CFF7492B5A1E4500BA84C7 /* SNView.swift */; };
		58CFF74C2B5A1E4E00BA84C7 /* SNButtonView.swift in Sources */ = {isa = PBXBuildFile; fileRef = 58CFF74B2B5A1E4E00BA84C7 /* SNButtonView.swift */; };
		58CFF74F2B5A1E7900BA84C7 /* SolidNativeProps.swift in Sources */ = {isa = PBXBuildFile; fileRef = 58CFF74E2B5A1E7900BA84C7 /* SolidNativeProps.swift */; };
		58CFF7512B5A1E9B00BA84C7 /* SolidNativeView.swift in Sources */ = {isa = PBXBuildFile; fileRef = 58CFF7502B5A1E9B00BA84C7 /* SolidNativeView.swift */; };
		58CFF7532B5A1F0E00BA84C7 /* JSTimers.swift in Sources */ = {isa = PBXBuildFile; fileRef = 58CFF7522B5A1F0E00BA84C7 /* JSTimers.swift */; };
		58CFF7572B5A2BA000BA84C7 /* SolidNativeModule.swift in Sources */ = {isa = PBXBuildFile; fileRef = 58CFF7562B5A2BA000BA84C7 /* SolidNativeModule.swift */; };
		58CFF75A2B5A5B2A00BA84C7 /* JSValueBuilder.swift in Sources */ = {isa = PBXBuildFile; fileRef = 58CFF7592B5A5B2A00BA84C7 /* JSValueBuilder.swift */; };
/* End PBXBuildFile section */

/* Begin PBXContainerItemProxy section */
		5812F9842B52222C001BEE89 /* PBXContainerItemProxy */ = {
			isa = PBXContainerItemProxy;
			containerPortal = 5812F96B2B522228001BEE89 /* Project object */;
			proxyType = 1;
			remoteGlobalIDString = 5812F9722B522228001BEE89;
			remoteInfo = SolidNative;
		};
		5812F98E2B52222C001BEE89 /* PBXContainerItemProxy */ = {
			isa = PBXContainerItemProxy;
			containerPortal = 5812F96B2B522228001BEE89 /* Project object */;
			proxyType = 1;
			remoteGlobalIDString = 5812F9722B522228001BEE89;
			remoteInfo = SolidNative;
		};
/* End PBXContainerItemProxy section */

/* Begin PBXFileReference section */
		5812F9732B522228001BEE89 /* SolidNative.app */ = {isa = PBXFileReference; explicitFileType = wrapper.application; includeInIndex = 0; path = SolidNative.app; sourceTree = BUILT_PRODUCTS_DIR; };
		5812F9762B522228001BEE89 /* SolidNativeApp.swift */ = {isa = PBXFileReference; lastKnownFileType = sourcecode.swift; path = SolidNativeApp.swift; sourceTree = "<group>"; };
		5812F9782B522228001BEE89 /* ContentView.swift */ = {isa = PBXFileReference; lastKnownFileType = sourcecode.swift; path = ContentView.swift; sourceTree = "<group>"; };
		5812F97A2B52222B001BEE89 /* Assets.xcassets */ = {isa = PBXFileReference; lastKnownFileType = folder.assetcatalog; path = Assets.xcassets; sourceTree = "<group>"; };
		5812F97D2B52222B001BEE89 /* Preview Assets.xcassets */ = {isa = PBXFileReference; lastKnownFileType = folder.assetcatalog; path = "Preview Assets.xcassets"; sourceTree = "<group>"; };
		5812F9832B52222C001BEE89 /* SolidNativeTests.xctest */ = {isa = PBXFileReference; explicitFileType = wrapper.cfbundle; includeInIndex = 0; path = SolidNativeTests.xctest; sourceTree = BUILT_PRODUCTS_DIR; };
		5812F9872B52222C001BEE89 /* SolidNativeTests.swift */ = {isa = PBXFileReference; lastKnownFileType = sourcecode.swift; path = SolidNativeTests.swift; sourceTree = "<group>"; };
		5812F98D2B52222C001BEE89 /* SolidNativeUITests.xctest */ = {isa = PBXFileReference; explicitFileType = wrapper.cfbundle; includeInIndex = 0; path = SolidNativeUITests.xctest; sourceTree = BUILT_PRODUCTS_DIR; };
		5812F9912B52222C001BEE89 /* SolidNativeUITests.swift */ = {isa = PBXFileReference; lastKnownFileType = sourcecode.swift; path = SolidNativeUITests.swift; sourceTree = "<group>"; };
		5812F9932B52222C001BEE89 /* SolidNativeUITestsLaunchTests.swift */ = {isa = PBXFileReference; lastKnownFileType = sourcecode.swift; path = SolidNativeUITestsLaunchTests.swift; sourceTree = "<group>"; };
		583FC9022B6F00FB005EE669 /* SNText.swift */ = {isa = PBXFileReference; lastKnownFileType = sourcecode.swift; path = SNText.swift; sourceTree = "<group>"; };
		58BE0CDE2C1702F600666362 /* YogaTypeMarshaller.swift */ = {isa = PBXFileReference; lastKnownFileType = sourcecode.swift; path = YogaTypeMarshaller.swift; sourceTree = "<group>"; };
		58BE0CE02C17034F00666362 /* SolidNativeViewStyler.swift */ = {isa = PBXFileReference; lastKnownFileType = sourcecode.swift; path = SolidNativeViewStyler.swift; sourceTree = "<group>"; };
		58CFF7432B5A149300BA84C7 /* SolidNativeCore.swift */ = {isa = PBXFileReference; lastKnownFileType = sourcecode.swift; path = SolidNativeCore.swift; sourceTree = "<group>"; };
		58CFF7472B5A1E1800BA84C7 /* SNRender.swift */ = {isa = PBXFileReference; lastKnownFileType = sourcecode.swift; path = SNRender.swift; sourceTree = "<group>"; };
		58CFF7492B5A1E4500BA84C7 /* SNView.swift */ = {isa = PBXFileReference; lastKnownFileType = sourcecode.swift; path = SNView.swift; sourceTree = "<group>"; };
		58CFF74B2B5A1E4E00BA84C7 /* SNButtonView.swift */ = {isa = PBXFileReference; lastKnownFileType = sourcecode.swift; path = SNButtonView.swift; sourceTree = "<group>"; };
		58CFF74E2B5A1E7900BA84C7 /* SolidNativeProps.swift */ = {isa = PBXFileReference; lastKnownFileType = sourcecode.swift; path = SolidNativeProps.swift; sourceTree = "<group>"; };
		58CFF7502B5A1E9B00BA84C7 /* SolidNativeView.swift */ = {isa = PBXFileReference; lastKnownFileType = sourcecode.swift; path = SolidNativeView.swift; sourceTree = "<group>"; };
		58CFF7522B5A1F0E00BA84C7 /* JSTimers.swift */ = {isa = PBXFileReference; lastKnownFileType = sourcecode.swift; path = JSTimers.swift; sourceTree = "<group>"; };
		58CFF7562B5A2BA000BA84C7 /* SolidNativeModule.swift */ = {isa = PBXFileReference; lastKnownFileType = sourcecode.swift; path = SolidNativeModule.swift; sourceTree = "<group>"; };
		58CFF7592B5A5B2A00BA84C7 /* JSValueBuilder.swift */ = {isa = PBXFileReference; lastKnownFileType = sourcecode.swift; path = JSValueBuilder.swift; sourceTree = "<group>"; };
/* End PBXFileReference section */

/* Begin PBXFrameworksBuildPhase section */
		5812F9702B522228001BEE89 /* Frameworks */ = {
			isa = PBXFrameworksBuildPhase;
			buildActionMask = 2147483647;
			files = (
				58335F332C1607E7005EC584 /* YogaSwiftUI in Frameworks */,
			);
			runOnlyForDeploymentPostprocessing = 0;
		};
		5812F9802B52222C001BEE89 /* Frameworks */ = {
			isa = PBXFrameworksBuildPhase;
			buildActionMask = 2147483647;
			files = (
			);
			runOnlyForDeploymentPostprocessing = 0;
		};
		5812F98A2B52222C001BEE89 /* Frameworks */ = {
			isa = PBXFrameworksBuildPhase;
			buildActionMask = 2147483647;
			files = (
			);
			runOnlyForDeploymentPostprocessing = 0;
		};
/* End PBXFrameworksBuildPhase section */

/* Begin PBXGroup section */
		5812F96A2B522228001BEE89 = {
			isa = PBXGroup;
			children = (
				5812F9752B522228001BEE89 /* SolidNative */,
				5812F9862B52222C001BEE89 /* SolidNativeTests */,
				5812F9902B52222C001BEE89 /* SolidNativeUITests */,
				5812F9742B522228001BEE89 /* Products */,
			);
			sourceTree = "<group>";
		};
		5812F9742B522228001BEE89 /* Products */ = {
			isa = PBXGroup;
			children = (
				5812F9732B522228001BEE89 /* SolidNative.app */,
				5812F9832B52222C001BEE89 /* SolidNativeTests.xctest */,
				5812F98D2B52222C001BEE89 /* SolidNativeUITests.xctest */,
			);
			name = Products;
			sourceTree = "<group>";
		};
		5812F9752B522228001BEE89 /* SolidNative */ = {
			isa = PBXGroup;
			children = (
				58CFF7462B5A1E0500BA84C7 /* Modules */,
				58CFF7452B5A1DFC00BA84C7 /* Views */,
				58CFF7422B5A147E00BA84C7 /* SolidNativeCore */,
				5812F9762B522228001BEE89 /* SolidNativeApp.swift */,
				5812F9782B522228001BEE89 /* ContentView.swift */,
				5812F97A2B52222B001BEE89 /* Assets.xcassets */,
				5812F97C2B52222B001BEE89 /* Preview Content */,
			);
			path = SolidNative;
			sourceTree = "<group>";
		};
		5812F97C2B52222B001BEE89 /* Preview Content */ = {
			isa = PBXGroup;
			children = (
				5812F97D2B52222B001BEE89 /* Preview Assets.xcassets */,
			);
			path = "Preview Content";
			sourceTree = "<group>";
		};
		5812F9862B52222C001BEE89 /* SolidNativeTests */ = {
			isa = PBXGroup;
			children = (
				5812F9872B52222C001BEE89 /* SolidNativeTests.swift */,
			);
			path = SolidNativeTests;
			sourceTree = "<group>";
		};
		5812F9902B52222C001BEE89 /* SolidNativeUITests */ = {
			isa = PBXGroup;
			children = (
				5812F9912B52222C001BEE89 /* SolidNativeUITests.swift */,
				5812F9932B52222C001BEE89 /* SolidNativeUITestsLaunchTests.swift */,
			);
			path = SolidNativeUITests;
			sourceTree = "<group>";
		};
		58CFF7422B5A147E00BA84C7 /* SolidNativeCore */ = {
			isa = PBXGroup;
			children = (
				58CFF7432B5A149300BA84C7 /* SolidNativeCore.swift */,
				58CFF7522B5A1F0E00BA84C7 /* JSTimers.swift */,
			);
			path = SolidNativeCore;
			sourceTree = "<group>";
		};
		58CFF7452B5A1DFC00BA84C7 /* Views */ = {
			isa = PBXGroup;
			children = (
				58CFF74D2B5A1E6300BA84C7 /* util */,
				58CFF7492B5A1E4500BA84C7 /* SNView.swift */,
				58CFF74B2B5A1E4E00BA84C7 /* SNButtonView.swift */,
				583FC9022B6F00FB005EE669 /* SNText.swift */,
			);
			path = Views;
			sourceTree = "<group>";
		};
		58CFF7462B5A1E0500BA84C7 /* Modules */ = {
			isa = PBXGroup;
			children = (
				58CFF7582B5A5B1200BA84C7 /* SNRender */,
				58CFF7562B5A2BA000BA84C7 /* SolidNativeModule.swift */,
				58CFF7592B5A5B2A00BA84C7 /* JSValueBuilder.swift */,
			);
			path = Modules;
			sourceTree = "<group>";
		};
		58CFF74D2B5A1E6300BA84C7 /* util */ = {
			isa = PBXGroup;
			children = (
				58CFF74E2B5A1E7900BA84C7 /* SolidNativeProps.swift */,
				58CFF7502B5A1E9B00BA84C7 /* SolidNativeView.swift */,
				58BE0CDE2C1702F600666362 /* YogaTypeMarshaller.swift */,
				58BE0CE02C17034F00666362 /* SolidNativeViewStyler.swift */,
			);
			path = util;
			sourceTree = "<group>";
		};
		58CFF7582B5A5B1200BA84C7 /* SNRender */ = {
			isa = PBXGroup;
			children = (
				58CFF7472B5A1E1800BA84C7 /* SNRender.swift */,
			);
			path = SNRender;
			sourceTree = "<group>";
		};
/* End PBXGroup section */

/* Begin PBXNativeTarget section */
		5812F9722B522228001BEE89 /* SolidNative */ = {
			isa = PBXNativeTarget;
			buildConfigurationList = 5812F9972B52222C001BEE89 /* Build configuration list for PBXNativeTarget "SolidNative" */;
			buildPhases = (
				5812F96F2B522228001BEE89 /* Sources */,
				5812F9702B522228001BEE89 /* Frameworks */,
				5812F9712B522228001BEE89 /* Resources */,
			);
			buildRules = (
			);
			dependencies = (
			);
			name = SolidNative;
			packageProductDependencies = (
				58335F322C1607E7005EC584 /* YogaSwiftUI */,
			);
			productName = SolidNative;
			productReference = 5812F9732B522228001BEE89 /* SolidNative.app */;
			productType = "com.apple.product-type.application";
		};
		5812F9822B52222C001BEE89 /* SolidNativeTests */ = {
			isa = PBXNativeTarget;
			buildConfigurationList = 5812F99A2B52222C001BEE89 /* Build configuration list for PBXNativeTarget "SolidNativeTests" */;
			buildPhases = (
				5812F97F2B52222C001BEE89 /* Sources */,
				5812F9802B52222C001BEE89 /* Frameworks */,
				5812F9812B52222C001BEE89 /* Resources */,
			);
			buildRules = (
			);
			dependencies = (
				5812F9852B52222C001BEE89 /* PBXTargetDependency */,
			);
			name = SolidNativeTests;
			productName = SolidNativeTests;
			productReference = 5812F9832B52222C001BEE89 /* SolidNativeTests.xctest */;
			productType = "com.apple.product-type.bundle.unit-test";
		};
		5812F98C2B52222C001BEE89 /* SolidNativeUITests */ = {
			isa = PBXNativeTarget;
			buildConfigurationList = 5812F99D2B52222C001BEE89 /* Build configuration list for PBXNativeTarget "SolidNativeUITests" */;
			buildPhases = (
				5812F9892B52222C001BEE89 /* Sources */,
				5812F98A2B52222C001BEE89 /* Frameworks */,
				5812F98B2B52222C001BEE89 /* Resources */,
			);
			buildRules = (
			);
			dependencies = (
				5812F98F2B52222C001BEE89 /* PBXTargetDependency */,
			);
			name = SolidNativeUITests;
			productName = SolidNativeUITests;
			productReference = 5812F98D2B52222C001BEE89 /* SolidNativeUITests.xctest */;
			productType = "com.apple.product-type.bundle.ui-testing";
		};
/* End PBXNativeTarget section */

/* Begin PBXProject section */
		5812F96B2B522228001BEE89 /* Project object */ = {
			isa = PBXProject;
			attributes = {
				BuildIndependentTargetsInParallel = 1;
				LastSwiftUpdateCheck = 1510;
				LastUpgradeCheck = 1510;
				TargetAttributes = {
					5812F9722B522228001BEE89 = {
						CreatedOnToolsVersion = 15.1;
					};
					5812F9822B52222C001BEE89 = {
						CreatedOnToolsVersion = 15.1;
						TestTargetID = 5812F9722B522228001BEE89;
					};
					5812F98C2B52222C001BEE89 = {
						CreatedOnToolsVersion = 15.1;
						TestTargetID = 5812F9722B522228001BEE89;
					};
				};
			};
			buildConfigurationList = 5812F96E2B522228001BEE89 /* Build configuration list for PBXProject "SolidNative" */;
			compatibilityVersion = "Xcode 14.0";
			developmentRegion = en;
			hasScannedForEncodings = 0;
			knownRegions = (
				en,
				Base,
			);
			mainGroup = 5812F96A2B522228001BEE89;
			packageReferences = (
				58335F312C1607E7005EC584 /* XCLocalSwiftPackageReference "../../../Yoga-SwiftUI" */,
			);
			productRefGroup = 5812F9742B522228001BEE89 /* Products */;
			projectDirPath = "";
			projectRoot = "";
			targets = (
				5812F9722B522228001BEE89 /* SolidNative */,
				5812F9822B52222C001BEE89 /* SolidNativeTests */,
				5812F98C2B52222C001BEE89 /* SolidNativeUITests */,
			);
		};
/* End PBXProject section */

/* Begin PBXResourcesBuildPhase section */
		5812F9712B522228001BEE89 /* Resources */ = {
			isa = PBXResourcesBuildPhase;
			buildActionMask = 2147483647;
			files = (
				5812F97E2B52222B001BEE89 /* Preview Assets.xcassets in Resources */,
				5812F97B2B52222B001BEE89 /* Assets.xcassets in Resources */,
			);
			runOnlyForDeploymentPostprocessing = 0;
		};
		5812F9812B52222C001BEE89 /* Resources */ = {
			isa = PBXResourcesBuildPhase;
			buildActionMask = 2147483647;
			files = (
			);
			runOnlyForDeploymentPostprocessing = 0;
		};
		5812F98B2B52222C001BEE89 /* Resources */ = {
			isa = PBXResourcesBuildPhase;
			buildActionMask = 2147483647;
			files = (
			);
			runOnlyForDeploymentPostprocessing = 0;
		};
/* End PBXResourcesBuildPhase section */

/* Begin PBXSourcesBuildPhase section */
		5812F96F2B522228001BEE89 /* Sources */ = {
			isa = PBXSourcesBuildPhase;
			buildActionMask = 2147483647;
			files = (
				58CFF7532B5A1F0E00BA84C7 /* JSTimers.swift in Sources */,
				583FC9032B6F00FB005EE669 /* SNText.swift in Sources */,
				5812F9792B522228001BEE89 /* ContentView.swift in Sources */,
				58CFF7442B5A149300BA84C7 /* SolidNativeCore.swift in Sources */,
				58CFF74F2B5A1E7900BA84C7 /* SolidNativeProps.swift in Sources */,
				58CFF7512B5A1E9B00BA84C7 /* SolidNativeView.swift in Sources */,
				58BE0CE12C17034F00666362 /* SolidNativeViewStyler.swift in Sources */,
				58BE0CDF2C1702F600666362 /* YogaTypeMarshaller.swift in Sources */,
				58CFF7482B5A1E1800BA84C7 /* SNRender.swift in Sources */,
				58CFF75A2B5A5B2A00BA84C7 /* JSValueBuilder.swift in Sources */,
				58CFF7572B5A2BA000BA84C7 /* SolidNativeModule.swift in Sources */,
				5812F9772B522228001BEE89 /* SolidNativeApp.swift in Sources */,
				58CFF74A2B5A1E4500BA84C7 /* SNView.swift in Sources */,
				58CFF74C2B5A1E4E00BA84C7 /* SNButtonView.swift in Sources */,
			);
			runOnlyForDeploymentPostprocessing = 0;
		};
		5812F97F2B52222C001BEE89 /* Sources */ = {
			isa = PBXSourcesBuildPhase;
			buildActionMask = 2147483647;
			files = (
				5812F9882B52222C001BEE89 /* SolidNativeTests.swift in Sources */,
			);
			runOnlyForDeploymentPostprocessing = 0;
		};
		5812F9892B52222C001BEE89 /* Sources */ = {
			isa = PBXSourcesBuildPhase;
			buildActionMask = 2147483647;
			files = (
				5812F9922B52222C001BEE89 /* SolidNativeUITests.swift in Sources */,
				5812F9942B52222C001BEE89 /* SolidNativeUITestsLaunchTests.swift in Sources */,
			);
			runOnlyForDeploymentPostprocessing = 0;
		};
/* End PBXSourcesBuildPhase section */

/* Begin PBXTargetDependency section */
		5812F9852B52222C001BEE89 /* PBXTargetDependency */ = {
			isa = PBXTargetDependency;
			target = 5812F9722B522228001BEE89 /* SolidNative */;
			targetProxy = 5812F9842B52222C001BEE89 /* PBXContainerItemProxy */;
		};
		5812F98F2B52222C001BEE89 /* PBXTargetDependency */ = {
			isa = PBXTargetDependency;
			target = 5812F9722B522228001BEE89 /* SolidNative */;
			targetProxy = 5812F98E2B52222C001BEE89 /* PBXContainerItemProxy */;
		};
/* End PBXTargetDependency section */

/* Begin XCBuildConfiguration section */
		5812F9952B52222C001BEE89 /* Debug */ = {
			isa = XCBuildConfiguration;
			buildSettings = {
				ALWAYS_SEARCH_USER_PATHS = NO;
				ASSETCATALOG_COMPILER_GENERATE_SWIFT_ASSET_SYMBOL_EXTENSIONS = YES;
				CLANG_ANALYZER_NONNULL = YES;
				CLANG_ANALYZER_NUMBER_OBJECT_CONVERSION = YES_AGGRESSIVE;
				CLANG_CXX_LANGUAGE_STANDARD = "gnu++20";
				CLANG_ENABLE_MODULES = YES;
				CLANG_ENABLE_OBJC_ARC = YES;
				CLANG_ENABLE_OBJC_WEAK = YES;
				CLANG_WARN_BLOCK_CAPTURE_AUTORELEASING = YES;
				CLANG_WARN_BOOL_CONVERSION = YES;
				CLANG_WARN_COMMA = YES;
				CLANG_WARN_CONSTANT_CONVERSION = YES;
				CLANG_WARN_DEPRECATED_OBJC_IMPLEMENTATIONS = YES;
				CLANG_WARN_DIRECT_OBJC_ISA_USAGE = YES_ERROR;
				CLANG_WARN_DOCUMENTATION_COMMENTS = YES;
				CLANG_WARN_EMPTY_BODY = YES;
				CLANG_WARN_ENUM_CONVERSION = YES;
				CLANG_WARN_INFINITE_RECURSION = YES;
				CLANG_WARN_INT_CONVERSION = YES;
				CLANG_WARN_NON_LITERAL_NULL_CONVERSION = YES;
				CLANG_WARN_OBJC_IMPLICIT_RETAIN_SELF = YES;
				CLANG_WARN_OBJC_LITERAL_CONVERSION = YES;
				CLANG_WARN_OBJC_ROOT_CLASS = YES_ERROR;
				CLANG_WARN_QUOTED_INCLUDE_IN_FRAMEWORK_HEADER = YES;
				CLANG_WARN_RANGE_LOOP_ANALYSIS = YES;
				CLANG_WARN_STRICT_PROTOTYPES = YES;
				CLANG_WARN_SUSPICIOUS_MOVE = YES;
				CLANG_WARN_UNGUARDED_AVAILABILITY = YES_AGGRESSIVE;
				CLANG_WARN_UNREACHABLE_CODE = YES;
				CLANG_WARN__DUPLICATE_METHOD_MATCH = YES;
				COPY_PHASE_STRIP = NO;
				DEBUG_INFORMATION_FORMAT = dwarf;
				ENABLE_STRICT_OBJC_MSGSEND = YES;
				ENABLE_TESTABILITY = YES;
				ENABLE_USER_SCRIPT_SANDBOXING = YES;
				GCC_C_LANGUAGE_STANDARD = gnu17;
				GCC_DYNAMIC_NO_PIC = NO;
				GCC_NO_COMMON_BLOCKS = YES;
				GCC_OPTIMIZATION_LEVEL = 0;
				GCC_PREPROCESSOR_DEFINITIONS = (
					"DEBUG=1",
					"$(inherited)",
				);
				GCC_WARN_64_TO_32_BIT_CONVERSION = YES;
				GCC_WARN_ABOUT_RETURN_TYPE = YES_ERROR;
				GCC_WARN_UNDECLARED_SELECTOR = YES;
				GCC_WARN_UNINITIALIZED_AUTOS = YES_AGGRESSIVE;
				GCC_WARN_UNUSED_FUNCTION = YES;
				GCC_WARN_UNUSED_VARIABLE = YES;
				IPHONEOS_DEPLOYMENT_TARGET = 17.2;
				LOCALIZATION_PREFERS_STRING_CATALOGS = YES;
				MTL_ENABLE_DEBUG_INFO = INCLUDE_SOURCE;
				MTL_FAST_MATH = YES;
				ONLY_ACTIVE_ARCH = YES;
				SDKROOT = iphoneos;
				SWIFT_ACTIVE_COMPILATION_CONDITIONS = "DEBUG $(inherited)";
				SWIFT_OPTIMIZATION_LEVEL = "-Onone";
			};
			name = Debug;
		};
		5812F9962B52222C001BEE89 /* Release */ = {
			isa = XCBuildConfiguration;
			buildSettings = {
				ALWAYS_SEARCH_USER_PATHS = NO;
				ASSETCATALOG_COMPILER_GENERATE_SWIFT_ASSET_SYMBOL_EXTENSIONS = YES;
				CLANG_ANALYZER_NONNULL = YES;
				CLANG_ANALYZER_NUMBER_OBJECT_CONVERSION = YES_AGGRESSIVE;
				CLANG_CXX_LANGUAGE_STANDARD = "gnu++20";
				CLANG_ENABLE_MODULES = YES;
				CLANG_ENABLE_OBJC_ARC = YES;
				CLANG_ENABLE_OBJC_WEAK = YES;
				CLANG_WARN_BLOCK_CAPTURE_AUTORELEASING = YES;
				CLANG_WARN_BOOL_CONVERSION = YES;
				CLANG_WARN_COMMA = YES;
				CLANG_WARN_CONSTANT_CONVERSION = YES;
				CLANG_WARN_DEPRECATED_OBJC_IMPLEMENTATIONS = YES;
				CLANG_WARN_DIRECT_OBJC_ISA_USAGE = YES_ERROR;
				CLANG_WARN_DOCUMENTATION_COMMENTS = YES;
				CLANG_WARN_EMPTY_BODY = YES;
				CLANG_WARN_ENUM_CONVERSION = YES;
				CLANG_WARN_INFINITE_RECURSION = YES;
				CLANG_WARN_INT_CONVERSION = YES;
				CLANG_WARN_NON_LITERAL_NULL_CONVERSION = YES;
				CLANG_WARN_OBJC_IMPLICIT_RETAIN_SELF = YES;
				CLANG_WARN_OBJC_LITERAL_CONVERSION = YES;
				CLANG_WARN_OBJC_ROOT_CLASS = YES_ERROR;
				CLANG_WARN_QUOTED_INCLUDE_IN_FRAMEWORK_HEADER = YES;
				CLANG_WARN_RANGE_LOOP_ANALYSIS = YES;
				CLANG_WARN_STRICT_PROTOTYPES = YES;
				CLANG_WARN_SUSPICIOUS_MOVE = YES;
				CLANG_WARN_UNGUARDED_AVAILABILITY = YES_AGGRESSIVE;
				CLANG_WARN_UNREACHABLE_CODE = YES;
				CLANG_WARN__DUPLICATE_METHOD_MATCH = YES;
				COPY_PHASE_STRIP = NO;
				DEBUG_INFORMATION_FORMAT = "dwarf-with-dsym";
				ENABLE_NS_ASSERTIONS = NO;
				ENABLE_STRICT_OBJC_MSGSEND = YES;
				ENABLE_USER_SCRIPT_SANDBOXING = YES;
				GCC_C_LANGUAGE_STANDARD = gnu17;
				GCC_NO_COMMON_BLOCKS = YES;
				GCC_WARN_64_TO_32_BIT_CONVERSION = YES;
				GCC_WARN_ABOUT_RETURN_TYPE = YES_ERROR;
				GCC_WARN_UNDECLARED_SELECTOR = YES;
				GCC_WARN_UNINITIALIZED_AUTOS = YES_AGGRESSIVE;
				GCC_WARN_UNUSED_FUNCTION = YES;
				GCC_WARN_UNUSED_VARIABLE = YES;
				IPHONEOS_DEPLOYMENT_TARGET = 17.2;
				LOCALIZATION_PREFERS_STRING_CATALOGS = YES;
				MTL_ENABLE_DEBUG_INFO = NO;
				MTL_FAST_MATH = YES;
				SDKROOT = iphoneos;
				SWIFT_COMPILATION_MODE = wholemodule;
				VALIDATE_PRODUCT = YES;
			};
			name = Release;
		};
		5812F9982B52222C001BEE89 /* Debug */ = {
			isa = XCBuildConfiguration;
			buildSettings = {
				ASSETCATALOG_COMPILER_APPICON_NAME = AppIcon;
				ASSETCATALOG_COMPILER_GLOBAL_ACCENT_COLOR_NAME = AccentColor;
				CODE_SIGN_STYLE = Automatic;
				CURRENT_PROJECT_VERSION = 1;
				DEVELOPMENT_ASSET_PATHS = "\"SolidNative/Preview Content\"";
				ENABLE_PREVIEWS = YES;
				GENERATE_INFOPLIST_FILE = YES;
				INFOPLIST_KEY_UIApplicationSceneManifest_Generation = YES;
				INFOPLIST_KEY_UIApplicationSupportsIndirectInputEvents = YES;
				INFOPLIST_KEY_UILaunchScreen_Generation = YES;
				INFOPLIST_KEY_UISupportedInterfaceOrientations_iPad = "UIInterfaceOrientationPortrait UIInterfaceOrientationPortraitUpsideDown UIInterfaceOrientationLandscapeLeft UIInterfaceOrientationLandscapeRight";
				INFOPLIST_KEY_UISupportedInterfaceOrientations_iPhone = "UIInterfaceOrientationPortrait UIInterfaceOrientationLandscapeLeft UIInterfaceOrientationLandscapeRight";
				LD_RUNPATH_SEARCH_PATHS = (
					"$(inherited)",
					"@executable_path/Frameworks",
				);
				MARKETING_VERSION = 1.0;
				PRODUCT_BUNDLE_IDENTIFIER = com.example.SolidNative;
				PRODUCT_NAME = "$(TARGET_NAME)";
				SWIFT_EMIT_LOC_STRINGS = YES;
				SWIFT_VERSION = 5.0;
				TARGETED_DEVICE_FAMILY = "1,2";
			};
			name = Debug;
		};
		5812F9992B52222C001BEE89 /* Release */ = {
			isa = XCBuildConfiguration;
			buildSettings = {
				ASSETCATALOG_COMPILER_APPICON_NAME = AppIcon;
				ASSETCATALOG_COMPILER_GLOBAL_ACCENT_COLOR_NAME = AccentColor;
				CODE_SIGN_STYLE = Automatic;
				CURRENT_PROJECT_VERSION = 1;
				DEVELOPMENT_ASSET_PATHS = "\"SolidNative/Preview Content\"";
				ENABLE_PREVIEWS = YES;
				GENERATE_INFOPLIST_FILE = YES;
				INFOPLIST_KEY_UIApplicationSceneManifest_Generation = YES;
				INFOPLIST_KEY_UIApplicationSupportsIndirectInputEvents = YES;
				INFOPLIST_KEY_UILaunchScreen_Generation = YES;
				INFOPLIST_KEY_UISupportedInterfaceOrientations_iPad = "UIInterfaceOrientationPortrait UIInterfaceOrientationPortraitUpsideDown UIInterfaceOrientationLandscapeLeft UIInterfaceOrientationLandscapeRight";
				INFOPLIST_KEY_UISupportedInterfaceOrientations_iPhone = "UIInterfaceOrientationPortrait UIInterfaceOrientationLandscapeLeft UIInterfaceOrientationLandscapeRight";
				LD_RUNPATH_SEARCH_PATHS = (
					"$(inherited)",
					"@executable_path/Frameworks",
				);
				MARKETING_VERSION = 1.0;
				PRODUCT_BUNDLE_IDENTIFIER = com.example.SolidNative;
				PRODUCT_NAME = "$(TARGET_NAME)";
				SWIFT_EMIT_LOC_STRINGS = YES;
				SWIFT_VERSION = 5.0;
				TARGETED_DEVICE_FAMILY = "1,2";
			};
			name = Release;
		};
		5812F99B2B52222C001BEE89 /* Debug */ = {
			isa = XCBuildConfiguration;
			buildSettings = {
				ALWAYS_EMBED_SWIFT_STANDARD_LIBRARIES = YES;
				BUNDLE_LOADER = "$(TEST_HOST)";
				CODE_SIGN_STYLE = Automatic;
				CURRENT_PROJECT_VERSION = 1;
				GENERATE_INFOPLIST_FILE = YES;
				IPHONEOS_DEPLOYMENT_TARGET = 17.2;
				MARKETING_VERSION = 1.0;
				PRODUCT_BUNDLE_IDENTIFIER = com.example.SolidNativeTests;
				PRODUCT_NAME = "$(TARGET_NAME)";
				SWIFT_EMIT_LOC_STRINGS = NO;
				SWIFT_VERSION = 5.0;
				TARGETED_DEVICE_FAMILY = "1,2";
				TEST_HOST = "$(BUILT_PRODUCTS_DIR)/SolidNative.app/$(BUNDLE_EXECUTABLE_FOLDER_PATH)/SolidNative";
			};
			name = Debug;
		};
		5812F99C2B52222C001BEE89 /* Release */ = {
			isa = XCBuildConfiguration;
			buildSettings = {
				ALWAYS_EMBED_SWIFT_STANDARD_LIBRARIES = YES;
				BUNDLE_LOADER = "$(TEST_HOST)";
				CODE_SIGN_STYLE = Automatic;
				CURRENT_PROJECT_VERSION = 1;
				GENERATE_INFOPLIST_FILE = YES;
				IPHONEOS_DEPLOYMENT_TARGET = 17.2;
				MARKETING_VERSION = 1.0;
				PRODUCT_BUNDLE_IDENTIFIER = com.example.SolidNativeTests;
				PRODUCT_NAME = "$(TARGET_NAME)";
				SWIFT_EMIT_LOC_STRINGS = NO;
				SWIFT_VERSION = 5.0;
				TARGETED_DEVICE_FAMILY = "1,2";
				TEST_HOST = "$(BUILT_PRODUCTS_DIR)/SolidNative.app/$(BUNDLE_EXECUTABLE_FOLDER_PATH)/SolidNative";
			};
			name = Release;
		};
		5812F99E2B52222C001BEE89 /* Debug */ = {
			isa = XCBuildConfiguration;
			buildSettings = {
				ALWAYS_EMBED_SWIFT_STANDARD_LIBRARIES = YES;
				CODE_SIGN_STYLE = Automatic;
				CURRENT_PROJECT_VERSION = 1;
				GENERATE_INFOPLIST_FILE = YES;
				MARKETING_VERSION = 1.0;
				PRODUCT_BUNDLE_IDENTIFIER = com.example.SolidNativeUITests;
				PRODUCT_NAME = "$(TARGET_NAME)";
				SWIFT_EMIT_LOC_STRINGS = NO;
				SWIFT_VERSION = 5.0;
				TARGETED_DEVICE_FAMILY = "1,2";
				TEST_TARGET_NAME = SolidNative;
			};
			name = Debug;
		};
		5812F99F2B52222C001BEE89 /* Release */ = {
			isa = XCBuildConfiguration;
			buildSettings = {
				ALWAYS_EMBED_SWIFT_STANDARD_LIBRARIES = YES;
				CODE_SIGN_STYLE = Automatic;
				CURRENT_PROJECT_VERSION = 1;
				GENERATE_INFOPLIST_FILE = YES;
				MARKETING_VERSION = 1.0;
				PRODUCT_BUNDLE_IDENTIFIER = com.example.SolidNativeUITests;
				PRODUCT_NAME = "$(TARGET_NAME)";
				SWIFT_EMIT_LOC_STRINGS = NO;
				SWIFT_VERSION = 5.0;
				TARGETED_DEVICE_FAMILY = "1,2";
				TEST_TARGET_NAME = SolidNative;
			};
			name = Release;
		};
/* End XCBuildConfiguration section */

/* Begin XCConfigurationList section */
		5812F96E2B522228001BEE89 /* Build configuration list for PBXProject "SolidNative" */ = {
			isa = XCConfigurationList;
			buildConfigurations = (
				5812F9952B52222C001BEE89 /* Debug */,
				5812F9962B52222C001BEE89 /* Release */,
			);
			defaultConfigurationIsVisible = 0;
			defaultConfigurationName = Release;
		};
		5812F9972B52222C001BEE89 /* Build configuration list for PBXNativeTarget "SolidNative" */ = {
			isa = XCConfigurationList;
			buildConfigurations = (
				5812F9982B52222C001BEE89 /* Debug */,
				5812F9992B52222C001BEE89 /* Release */,
			);
			defaultConfigurationIsVisible = 0;
			defaultConfigurationName = Release;
		};
		5812F99A2B52222C001BEE89 /* Build configuration list for PBXNativeTarget "SolidNativeTests" */ = {
			isa = XCConfigurationList;
			buildConfigurations = (
				5812F99B2B52222C001BEE89 /* Debug */,
				5812F99C2B52222C001BEE89 /* Release */,
			);
			defaultConfigurationIsVisible = 0;
			defaultConfigurationName = Release;
		};
		5812F99D2B52222C001BEE89 /* Build configuration list for PBXNativeTarget "SolidNativeUITests" */ = {
			isa = XCConfigurationList;
			buildConfigurations = (
				5812F99E2B52222C001BEE89 /* Debug */,
				5812F99F2B52222C001BEE89 /* Release */,
			);
			defaultConfigurationIsVisible = 0;
			defaultConfigurationName = Release;
		};
/* End XCConfigurationList section */

/* Begin XCLocalSwiftPackageReference section */
		58335F312C1607E7005EC584 /* XCLocalSwiftPackageReference "../../../Yoga-SwiftUI" */ = {
			isa = XCLocalSwiftPackageReference;
			relativePath = "../../../Yoga-SwiftUI";
		};
/* End XCLocalSwiftPackageReference section */

/* Begin XCSwiftPackageProductDependency section */
		58335F322C1607E7005EC584 /* YogaSwiftUI */ = {
			isa = XCSwiftPackageProductDependency;
			productName = YogaSwiftUI;
		};
/* End XCSwiftPackageProductDependency section */
	};
	rootObject = 5812F96B2B522228001BEE89 /* Project object */;
}
