// !$*UTF8*$!
{
	archiveVersion = 1;
	classes = {
	};
	objectVersion = 60;
	objects = {

/* Begin PBXBuildFile section */
		58B56C2F2C24A70800403C5B /* SolidNativeApp.swift in Sources */ = {isa = PBXBuildFile; fileRef = 58B56C2E2C24A70800403C5B /* SolidNativeApp.swift */; };
		58B56C312C24A70800403C5B /* ContentView.swift in Sources */ = {isa = PBXBuildFile; fileRef = 58B56C302C24A70800403C5B /* ContentView.swift */; };
		58B56C332C24A70900403C5B /* Assets.xcassets in Resources */ = {isa = PBXBuildFile; fileRef = 58B56C322C24A70900403C5B /* Assets.xcassets */; };
		58B56C372C24A70900403C5B /* Preview Assets.xcassets in Resources */ = {isa = PBXBuildFile; fileRef = 58B56C362C24A70900403C5B /* Preview Assets.xcassets */; };
		58B56C412C24A70900403C5B /* SolidNativeTests.swift in Sources */ = {isa = PBXBuildFile; fileRef = 58B56C402C24A70900403C5B /* SolidNativeTests.swift */; };
		58B56C4B2C24A70900403C5B /* SolidNativeUITests.swift in Sources */ = {isa = PBXBuildFile; fileRef = 58B56C4A2C24A70900403C5B /* SolidNativeUITests.swift */; };
		58B56C4D2C24A70900403C5B /* SolidNativeUITestsLaunchTests.swift in Sources */ = {isa = PBXBuildFile; fileRef = 58B56C4C2C24A70900403C5B /* SolidNativeUITestsLaunchTests.swift */; };
		58EC2B8F2C24A8A400D5FA11 /* SNView.swift in Sources */ = {isa = PBXBuildFile; fileRef = 58EC2B8E2C24A8A400D5FA11 /* SNView.swift */; };
		58EC2B912C24A8F100D5FA11 /* SNButton.swift in Sources */ = {isa = PBXBuildFile; fileRef = 58EC2B902C24A8F100D5FA11 /* SNButton.swift */; };
		58EC2B932C24A90700D5FA11 /* SNText.swift in Sources */ = {isa = PBXBuildFile; fileRef = 58EC2B922C24A90700D5FA11 /* SNText.swift */; };
		58EC2BA42C24A97300D5FA11 /* Color+Modifier.swift in Sources */ = {isa = PBXBuildFile; fileRef = 58EC2B9F2C24A97300D5FA11 /* Color+Modifier.swift */; };
		58EC2BA62C24A97300D5FA11 /* SolidNativeView.swift in Sources */ = {isa = PBXBuildFile; fileRef = 58EC2BA12C24A97300D5FA11 /* SolidNativeView.swift */; };
		58EC2BA82C24A97300D5FA11 /* SolidNativeViewWrapper.swift in Sources */ = {isa = PBXBuildFile; fileRef = 58EC2BA32C24A97300D5FA11 /* SolidNativeViewWrapper.swift */; };
		58EC2BAD2C24A9AF00D5FA11 /* LayoutMetrics.swift in Sources */ = {isa = PBXBuildFile; fileRef = 58EC2BAA2C24A9AF00D5FA11 /* LayoutMetrics.swift */; };
		58EC2BAE2C24A9AF00D5FA11 /* SolidNativeModule.swift in Sources */ = {isa = PBXBuildFile; fileRef = 58EC2BAC2C24A9AF00D5FA11 /* SolidNativeModule.swift */; };
		58EC2BB12C24AAA400D5FA11 /* Snmobile in Frameworks */ = {isa = PBXBuildFile; productRef = 58EC2BB02C24AAA400D5FA11 /* Snmobile */; };
		58EC2BB42C24D56100D5FA11 /* SolidNativeCore.swift in Sources */ = {isa = PBXBuildFile; fileRef = 58EC2BB32C24D56100D5FA11 /* SolidNativeCore.swift */; };
/* End PBXBuildFile section */

/* Begin PBXContainerItemProxy section */
		58B56C3D2C24A70900403C5B /* PBXContainerItemProxy */ = {
			isa = PBXContainerItemProxy;
			containerPortal = 58B56C232C24A70800403C5B /* Project object */;
			proxyType = 1;
			remoteGlobalIDString = 58B56C2A2C24A70800403C5B;
			remoteInfo = SolidNative;
		};
		58B56C472C24A70900403C5B /* PBXContainerItemProxy */ = {
			isa = PBXContainerItemProxy;
			containerPortal = 58B56C232C24A70800403C5B /* Project object */;
			proxyType = 1;
			remoteGlobalIDString = 58B56C2A2C24A70800403C5B;
			remoteInfo = SolidNative;
		};
/* End PBXContainerItemProxy section */

/* Begin PBXFileReference section */
		58B56C2B2C24A70800403C5B /* SolidNative.app */ = {isa = PBXFileReference; explicitFileType = wrapper.application; includeInIndex = 0; path = SolidNative.app; sourceTree = BUILT_PRODUCTS_DIR; };
		58B56C2E2C24A70800403C5B /* SolidNativeApp.swift */ = {isa = PBXFileReference; lastKnownFileType = sourcecode.swift; path = SolidNativeApp.swift; sourceTree = "<group>"; };
		58B56C302C24A70800403C5B /* ContentView.swift */ = {isa = PBXFileReference; lastKnownFileType = sourcecode.swift; path = ContentView.swift; sourceTree = "<group>"; };
		58B56C322C24A70900403C5B /* Assets.xcassets */ = {isa = PBXFileReference; lastKnownFileType = folder.assetcatalog; path = Assets.xcassets; sourceTree = "<group>"; };
		58B56C342C24A70900403C5B /* SolidNative.entitlements */ = {isa = PBXFileReference; lastKnownFileType = text.plist.entitlements; path = SolidNative.entitlements; sourceTree = "<group>"; };
		58B56C362C24A70900403C5B /* Preview Assets.xcassets */ = {isa = PBXFileReference; lastKnownFileType = folder.assetcatalog; path = "Preview Assets.xcassets"; sourceTree = "<group>"; };
		58B56C3C2C24A70900403C5B /* SolidNativeTests.xctest */ = {isa = PBXFileReference; explicitFileType = wrapper.cfbundle; includeInIndex = 0; path = SolidNativeTests.xctest; sourceTree = BUILT_PRODUCTS_DIR; };
		58B56C402C24A70900403C5B /* SolidNativeTests.swift */ = {isa = PBXFileReference; lastKnownFileType = sourcecode.swift; path = SolidNativeTests.swift; sourceTree = "<group>"; };
		58B56C462C24A70900403C5B /* SolidNativeUITests.xctest */ = {isa = PBXFileReference; explicitFileType = wrapper.cfbundle; includeInIndex = 0; path = SolidNativeUITests.xctest; sourceTree = BUILT_PRODUCTS_DIR; };
		58B56C4A2C24A70900403C5B /* SolidNativeUITests.swift */ = {isa = PBXFileReference; lastKnownFileType = sourcecode.swift; path = SolidNativeUITests.swift; sourceTree = "<group>"; };
		58B56C4C2C24A70900403C5B /* SolidNativeUITestsLaunchTests.swift */ = {isa = PBXFileReference; lastKnownFileType = sourcecode.swift; path = SolidNativeUITestsLaunchTests.swift; sourceTree = "<group>"; };
		58EC2B8E2C24A8A400D5FA11 /* SNView.swift */ = {isa = PBXFileReference; lastKnownFileType = sourcecode.swift; path = SNView.swift; sourceTree = "<group>"; };
		58EC2B902C24A8F100D5FA11 /* SNButton.swift */ = {isa = PBXFileReference; lastKnownFileType = sourcecode.swift; path = SNButton.swift; sourceTree = "<group>"; };
		58EC2B922C24A90700D5FA11 /* SNText.swift */ = {isa = PBXFileReference; lastKnownFileType = sourcecode.swift; path = SNText.swift; sourceTree = "<group>"; };
		58EC2B9F2C24A97300D5FA11 /* Color+Modifier.swift */ = {isa = PBXFileReference; fileEncoding = 4; lastKnownFileType = sourcecode.swift; path = "Color+Modifier.swift"; sourceTree = "<group>"; };
		58EC2BA12C24A97300D5FA11 /* SolidNativeView.swift */ = {isa = PBXFileReference; fileEncoding = 4; lastKnownFileType = sourcecode.swift; path = SolidNativeView.swift; sourceTree = "<group>"; };
		58EC2BA32C24A97300D5FA11 /* SolidNativeViewWrapper.swift */ = {isa = PBXFileReference; fileEncoding = 4; lastKnownFileType = sourcecode.swift; path = SolidNativeViewWrapper.swift; sourceTree = "<group>"; };
		58EC2BAA2C24A9AF00D5FA11 /* LayoutMetrics.swift */ = {isa = PBXFileReference; fileEncoding = 4; lastKnownFileType = sourcecode.swift; path = LayoutMetrics.swift; sourceTree = "<group>"; };
		58EC2BAC2C24A9AF00D5FA11 /* SolidNativeModule.swift */ = {isa = PBXFileReference; fileEncoding = 4; lastKnownFileType = sourcecode.swift; path = SolidNativeModule.swift; sourceTree = "<group>"; };
		58EC2BB32C24D56100D5FA11 /* SolidNativeCore.swift */ = {isa = PBXFileReference; lastKnownFileType = sourcecode.swift; path = SolidNativeCore.swift; sourceTree = "<group>"; };
/* End PBXFileReference section */

/* Begin PBXFrameworksBuildPhase section */
		58B56C282C24A70800403C5B /* Frameworks */ = {
			isa = PBXFrameworksBuildPhase;
			buildActionMask = 2147483647;
			files = (
				58EC2BB12C24AAA400D5FA11 /* Snmobile in Frameworks */,
			);
			runOnlyForDeploymentPostprocessing = 0;
		};
		58B56C392C24A70900403C5B /* Frameworks */ = {
			isa = PBXFrameworksBuildPhase;
			buildActionMask = 2147483647;
			files = (
			);
			runOnlyForDeploymentPostprocessing = 0;
		};
		58B56C432C24A70900403C5B /* Frameworks */ = {
			isa = PBXFrameworksBuildPhase;
			buildActionMask = 2147483647;
			files = (
			);
			runOnlyForDeploymentPostprocessing = 0;
		};
/* End PBXFrameworksBuildPhase section */

/* Begin PBXGroup section */
		58B56C222C24A70800403C5B = {
			isa = PBXGroup;
			children = (
				58B56C2D2C24A70800403C5B /* SolidNative */,
				58B56C3F2C24A70900403C5B /* SolidNativeTests */,
				58B56C492C24A70900403C5B /* SolidNativeUITests */,
				58B56C2C2C24A70800403C5B /* Products */,
			);
			sourceTree = "<group>";
		};
		58B56C2C2C24A70800403C5B /* Products */ = {
			isa = PBXGroup;
			children = (
				58B56C2B2C24A70800403C5B /* SolidNative.app */,
				58B56C3C2C24A70900403C5B /* SolidNativeTests.xctest */,
				58B56C462C24A70900403C5B /* SolidNativeUITests.xctest */,
			);
			name = Products;
			sourceTree = "<group>";
		};
		58B56C2D2C24A70800403C5B /* SolidNative */ = {
			isa = PBXGroup;
			children = (
				58EC2BB22C24D55000D5FA11 /* Core */,
				58EC2BA92C24A99500D5FA11 /* Modules */,
				58B56C592C24A87500403C5B /* Views */,
				58B56C2E2C24A70800403C5B /* SolidNativeApp.swift */,
				58B56C302C24A70800403C5B /* ContentView.swift */,
				58B56C322C24A70900403C5B /* Assets.xcassets */,
				58B56C342C24A70900403C5B /* SolidNative.entitlements */,
				58B56C352C24A70900403C5B /* Preview Content */,
			);
			path = SolidNative;
			sourceTree = "<group>";
		};
		58B56C352C24A70900403C5B /* Preview Content */ = {
			isa = PBXGroup;
			children = (
				58B56C362C24A70900403C5B /* Preview Assets.xcassets */,
			);
			path = "Preview Content";
			sourceTree = "<group>";
		};
		58B56C3F2C24A70900403C5B /* SolidNativeTests */ = {
			isa = PBXGroup;
			children = (
				58B56C402C24A70900403C5B /* SolidNativeTests.swift */,
			);
			path = SolidNativeTests;
			sourceTree = "<group>";
		};
		58B56C492C24A70900403C5B /* SolidNativeUITests */ = {
			isa = PBXGroup;
			children = (
				58B56C4A2C24A70900403C5B /* SolidNativeUITests.swift */,
				58B56C4C2C24A70900403C5B /* SolidNativeUITestsLaunchTests.swift */,
			);
			path = SolidNativeUITests;
			sourceTree = "<group>";
		};
		58B56C592C24A87500403C5B /* Views */ = {
			isa = PBXGroup;
			children = (
				58EC2B942C24A92500D5FA11 /* util */,
				58EC2B8E2C24A8A400D5FA11 /* SNView.swift */,
				58EC2B902C24A8F100D5FA11 /* SNButton.swift */,
				58EC2B922C24A90700D5FA11 /* SNText.swift */,
			);
			path = Views;
			sourceTree = "<group>";
		};
		58EC2B942C24A92500D5FA11 /* util */ = {
			isa = PBXGroup;
			children = (
				58EC2B9F2C24A97300D5FA11 /* Color+Modifier.swift */,
				58EC2BA12C24A97300D5FA11 /* SolidNativeView.swift */,
				58EC2BA32C24A97300D5FA11 /* SolidNativeViewWrapper.swift */,
			);
			path = util;
			sourceTree = "<group>";
		};
		58EC2BA92C24A99500D5FA11 /* Modules */ = {
			isa = PBXGroup;
			children = (
				58EC2BAB2C24A9AF00D5FA11 /* SNRender */,
				58EC2BAC2C24A9AF00D5FA11 /* SolidNativeModule.swift */,
			);
			path = Modules;
			sourceTree = "<group>";
		};
		58EC2BAB2C24A9AF00D5FA11 /* SNRender */ = {
			isa = PBXGroup;
			children = (
				58EC2BAA2C24A9AF00D5FA11 /* LayoutMetrics.swift */,
			);
			path = SNRender;
			sourceTree = "<group>";
		};
		58EC2BB22C24D55000D5FA11 /* Core */ = {
			isa = PBXGroup;
			children = (
				58EC2BB32C24D56100D5FA11 /* SolidNativeCore.swift */,
			);
			path = Core;
			sourceTree = "<group>";
		};
/* End PBXGroup section */

/* Begin PBXNativeTarget section */
		58B56C2A2C24A70800403C5B /* SolidNative */ = {
			isa = PBXNativeTarget;
			buildConfigurationList = 58B56C502C24A70900403C5B /* Build configuration list for PBXNativeTarget "SolidNative" */;
			buildPhases = (
				58B56C272C24A70800403C5B /* Sources */,
				58B56C282C24A70800403C5B /* Frameworks */,
				58B56C292C24A70800403C5B /* Resources */,
			);
			buildRules = (
			);
			dependencies = (
			);
			name = SolidNative;
			packageProductDependencies = (
				58EC2BB02C24AAA400D5FA11 /* Snmobile */,
			);
			productName = SolidNative;
			productReference = 58B56C2B2C24A70800403C5B /* SolidNative.app */;
			productType = "com.apple.product-type.application";
		};
		58B56C3B2C24A70900403C5B /* SolidNativeTests */ = {
			isa = PBXNativeTarget;
			buildConfigurationList = 58B56C532C24A70900403C5B /* Build configuration list for PBXNativeTarget "SolidNativeTests" */;
			buildPhases = (
				58B56C382C24A70900403C5B /* Sources */,
				58B56C392C24A70900403C5B /* Frameworks */,
				58B56C3A2C24A70900403C5B /* Resources */,
			);
			buildRules = (
			);
			dependencies = (
				58B56C3E2C24A70900403C5B /* PBXTargetDependency */,
			);
			name = SolidNativeTests;
			productName = SolidNativeTests;
			productReference = 58B56C3C2C24A70900403C5B /* SolidNativeTests.xctest */;
			productType = "com.apple.product-type.bundle.unit-test";
		};
		58B56C452C24A70900403C5B /* SolidNativeUITests */ = {
			isa = PBXNativeTarget;
			buildConfigurationList = 58B56C562C24A70900403C5B /* Build configuration list for PBXNativeTarget "SolidNativeUITests" */;
			buildPhases = (
				58B56C422C24A70900403C5B /* Sources */,
				58B56C432C24A70900403C5B /* Frameworks */,
				58B56C442C24A70900403C5B /* Resources */,
			);
			buildRules = (
			);
			dependencies = (
				58B56C482C24A70900403C5B /* PBXTargetDependency */,
			);
			name = SolidNativeUITests;
			productName = SolidNativeUITests;
			productReference = 58B56C462C24A70900403C5B /* SolidNativeUITests.xctest */;
			productType = "com.apple.product-type.bundle.ui-testing";
		};
/* End PBXNativeTarget section */

/* Begin PBXProject section */
		58B56C232C24A70800403C5B /* Project object */ = {
			isa = PBXProject;
			attributes = {
				BuildIndependentTargetsInParallel = 1;
				LastSwiftUpdateCheck = 1540;
				LastUpgradeCheck = 1540;
				TargetAttributes = {
					58B56C2A2C24A70800403C5B = {
						CreatedOnToolsVersion = 15.4;
					};
					58B56C3B2C24A70900403C5B = {
						CreatedOnToolsVersion = 15.4;
						TestTargetID = 58B56C2A2C24A70800403C5B;
					};
					58B56C452C24A70900403C5B = {
						CreatedOnToolsVersion = 15.4;
						TestTargetID = 58B56C2A2C24A70800403C5B;
					};
				};
			};
			buildConfigurationList = 58B56C262C24A70800403C5B /* Build configuration list for PBXProject "SolidNative" */;
			compatibilityVersion = "Xcode 14.0";
			developmentRegion = en;
			hasScannedForEncodings = 0;
			knownRegions = (
				en,
				Base,
			);
			mainGroup = 58B56C222C24A70800403C5B;
			packageReferences = (
				58EC2BAF2C24AAA300D5FA11 /* XCLocalSwiftPackageReference "../nativecore/ios" */,
			);
			productRefGroup = 58B56C2C2C24A70800403C5B /* Products */;
			projectDirPath = "";
			projectRoot = "";
			targets = (
				58B56C2A2C24A70800403C5B /* SolidNative */,
				58B56C3B2C24A70900403C5B /* SolidNativeTests */,
				58B56C452C24A70900403C5B /* SolidNativeUITests */,
			);
		};
/* End PBXProject section */

/* Begin PBXResourcesBuildPhase section */
		58B56C292C24A70800403C5B /* Resources */ = {
			isa = PBXResourcesBuildPhase;
			buildActionMask = 2147483647;
			files = (
				58B56C372C24A70900403C5B /* Preview Assets.xcassets in Resources */,
				58B56C332C24A70900403C5B /* Assets.xcassets in Resources */,
			);
			runOnlyForDeploymentPostprocessing = 0;
		};
		58B56C3A2C24A70900403C5B /* Resources */ = {
			isa = PBXResourcesBuildPhase;
			buildActionMask = 2147483647;
			files = (
			);
			runOnlyForDeploymentPostprocessing = 0;
		};
		58B56C442C24A70900403C5B /* Resources */ = {
			isa = PBXResourcesBuildPhase;
			buildActionMask = 2147483647;
			files = (
			);
			runOnlyForDeploymentPostprocessing = 0;
		};
/* End PBXResourcesBuildPhase section */

/* Begin PBXSourcesBuildPhase section */
		58B56C272C24A70800403C5B /* Sources */ = {
			isa = PBXSourcesBuildPhase;
			buildActionMask = 2147483647;
			files = (
				58EC2BA42C24A97300D5FA11 /* Color+Modifier.swift in Sources */,
				58EC2BB42C24D56100D5FA11 /* SolidNativeCore.swift in Sources */,
				58EC2BAE2C24A9AF00D5FA11 /* SolidNativeModule.swift in Sources */,
				58EC2B8F2C24A8A400D5FA11 /* SNView.swift in Sources */,
				58EC2BAD2C24A9AF00D5FA11 /* LayoutMetrics.swift in Sources */,
				58B56C312C24A70800403C5B /* ContentView.swift in Sources */,
				58EC2BA82C24A97300D5FA11 /* SolidNativeViewWrapper.swift in Sources */,
				58EC2B912C24A8F100D5FA11 /* SNButton.swift in Sources */,
				58EC2BA62C24A97300D5FA11 /* SolidNativeView.swift in Sources */,
				58B56C2F2C24A70800403C5B /* SolidNativeApp.swift in Sources */,
				58EC2B932C24A90700D5FA11 /* SNText.swift in Sources */,
			);
			runOnlyForDeploymentPostprocessing = 0;
		};
		58B56C382C24A70900403C5B /* Sources */ = {
			isa = PBXSourcesBuildPhase;
			buildActionMask = 2147483647;
			files = (
				58B56C412C24A70900403C5B /* SolidNativeTests.swift in Sources */,
			);
			runOnlyForDeploymentPostprocessing = 0;
		};
		58B56C422C24A70900403C5B /* Sources */ = {
			isa = PBXSourcesBuildPhase;
			buildActionMask = 2147483647;
			files = (
				58B56C4B2C24A70900403C5B /* SolidNativeUITests.swift in Sources */,
				58B56C4D2C24A70900403C5B /* SolidNativeUITestsLaunchTests.swift in Sources */,
			);
			runOnlyForDeploymentPostprocessing = 0;
		};
/* End PBXSourcesBuildPhase section */

/* Begin PBXTargetDependency section */
		58B56C3E2C24A70900403C5B /* PBXTargetDependency */ = {
			isa = PBXTargetDependency;
			target = 58B56C2A2C24A70800403C5B /* SolidNative */;
			targetProxy = 58B56C3D2C24A70900403C5B /* PBXContainerItemProxy */;
		};
		58B56C482C24A70900403C5B /* PBXTargetDependency */ = {
			isa = PBXTargetDependency;
			target = 58B56C2A2C24A70800403C5B /* SolidNative */;
			targetProxy = 58B56C472C24A70900403C5B /* PBXContainerItemProxy */;
		};
/* End PBXTargetDependency section */

/* Begin XCBuildConfiguration section */
		58B56C4E2C24A70900403C5B /* Debug */ = {
			isa = XCBuildConfiguration;
			buildSettings = {
				ALWAYS_SEARCH_USER_PATHS = NO;
				ASSETCATALOG_COMPILER_GENERATE_SWIFT_ASSET_SYMBOL_EXTENSIONS = YES;
				CLANG_ANALYZER_NONNULL = YES;
				CLANG_ANALYZER_NUMBER_OBJECT_CONVERSION = YES_AGGRESSIVE;
				CLANG_CXX_LANGUAGE_STANDARD = "gnu++20";
				CLANG_ENABLE_MODULES = YES;
				CLANG_ENABLE_OBJC_ARC = YES;
				CLANG_ENABLE_OBJC_WEAK = YES;
				CLANG_WARN_BLOCK_CAPTURE_AUTORELEASING = YES;
				CLANG_WARN_BOOL_CONVERSION = YES;
				CLANG_WARN_COMMA = YES;
				CLANG_WARN_CONSTANT_CONVERSION = YES;
				CLANG_WARN_DEPRECATED_OBJC_IMPLEMENTATIONS = YES;
				CLANG_WARN_DIRECT_OBJC_ISA_USAGE = YES_ERROR;
				CLANG_WARN_DOCUMENTATION_COMMENTS = YES;
				CLANG_WARN_EMPTY_BODY = YES;
				CLANG_WARN_ENUM_CONVERSION = YES;
				CLANG_WARN_INFINITE_RECURSION = YES;
				CLANG_WARN_INT_CONVERSION = YES;
				CLANG_WARN_NON_LITERAL_NULL_CONVERSION = YES;
				CLANG_WARN_OBJC_IMPLICIT_RETAIN_SELF = YES;
				CLANG_WARN_OBJC_LITERAL_CONVERSION = YES;
				CLANG_WARN_OBJC_ROOT_CLASS = YES_ERROR;
				CLANG_WARN_QUOTED_INCLUDE_IN_FRAMEWORK_HEADER = YES;
				CLANG_WARN_RANGE_LOOP_ANALYSIS = YES;
				CLANG_WARN_STRICT_PROTOTYPES = YES;
				CLANG_WARN_SUSPICIOUS_MOVE = YES;
				CLANG_WARN_UNGUARDED_AVAILABILITY = YES_AGGRESSIVE;
				CLANG_WARN_UNREACHABLE_CODE = YES;
				CLANG_WARN__DUPLICATE_METHOD_MATCH = YES;
				COPY_PHASE_STRIP = NO;
				DEBUG_INFORMATION_FORMAT = dwarf;
				ENABLE_STRICT_OBJC_MSGSEND = YES;
				ENABLE_TESTABILITY = YES;
				ENABLE_USER_SCRIPT_SANDBOXING = YES;
				GCC_C_LANGUAGE_STANDARD = gnu17;
				GCC_DYNAMIC_NO_PIC = NO;
				GCC_NO_COMMON_BLOCKS = YES;
				GCC_OPTIMIZATION_LEVEL = 0;
				GCC_PREPROCESSOR_DEFINITIONS = (
					"DEBUG=1",
					"$(inherited)",
				);
				GCC_WARN_64_TO_32_BIT_CONVERSION = YES;
				GCC_WARN_ABOUT_RETURN_TYPE = YES_ERROR;
				GCC_WARN_UNDECLARED_SELECTOR = YES;
				GCC_WARN_UNINITIALIZED_AUTOS = YES_AGGRESSIVE;
				GCC_WARN_UNUSED_FUNCTION = YES;
				GCC_WARN_UNUSED_VARIABLE = YES;
				LOCALIZATION_PREFERS_STRING_CATALOGS = YES;
				MTL_ENABLE_DEBUG_INFO = INCLUDE_SOURCE;
				MTL_FAST_MATH = YES;
				ONLY_ACTIVE_ARCH = YES;
				SWIFT_ACTIVE_COMPILATION_CONDITIONS = "DEBUG $(inherited)";
				SWIFT_OPTIMIZATION_LEVEL = "-Onone";
			};
			name = Debug;
		};
		58B56C4F2C24A70900403C5B /* Release */ = {
			isa = XCBuildConfiguration;
			buildSettings = {
				ALWAYS_SEARCH_USER_PATHS = NO;
				ASSETCATALOG_COMPILER_GENERATE_SWIFT_ASSET_SYMBOL_EXTENSIONS = YES;
				CLANG_ANALYZER_NONNULL = YES;
				CLANG_ANALYZER_NUMBER_OBJECT_CONVERSION = YES_AGGRESSIVE;
				CLANG_CXX_LANGUAGE_STANDARD = "gnu++20";
				CLANG_ENABLE_MODULES = YES;
				CLANG_ENABLE_OBJC_ARC = YES;
				CLANG_ENABLE_OBJC_WEAK = YES;
				CLANG_WARN_BLOCK_CAPTURE_AUTORELEASING = YES;
				CLANG_WARN_BOOL_CONVERSION = YES;
				CLANG_WARN_COMMA = YES;
				CLANG_WARN_CONSTANT_CONVERSION = YES;
				CLANG_WARN_DEPRECATED_OBJC_IMPLEMENTATIONS = YES;
				CLANG_WARN_DIRECT_OBJC_ISA_USAGE = YES_ERROR;
				CLANG_WARN_DOCUMENTATION_COMMENTS = YES;
				CLANG_WARN_EMPTY_BODY = YES;
				CLANG_WARN_ENUM_CONVERSION = YES;
				CLANG_WARN_INFINITE_RECURSION = YES;
				CLANG_WARN_INT_CONVERSION = YES;
				CLANG_WARN_NON_LITERAL_NULL_CONVERSION = YES;
				CLANG_WARN_OBJC_IMPLICIT_RETAIN_SELF = YES;
				CLANG_WARN_OBJC_LITERAL_CONVERSION = YES;
				CLANG_WARN_OBJC_ROOT_CLASS = YES_ERROR;
				CLANG_WARN_QUOTED_INCLUDE_IN_FRAMEWORK_HEADER = YES;
				CLANG_WARN_RANGE_LOOP_ANALYSIS = YES;
				CLANG_WARN_STRICT_PROTOTYPES = YES;
				CLANG_WARN_SUSPICIOUS_MOVE = YES;
				CLANG_WARN_UNGUARDED_AVAILABILITY = YES_AGGRESSIVE;
				CLANG_WARN_UNREACHABLE_CODE = YES;
				CLANG_WARN__DUPLICATE_METHOD_MATCH = YES;
				COPY_PHASE_STRIP = NO;
				DEBUG_INFORMATION_FORMAT = "dwarf-with-dsym";
				ENABLE_NS_ASSERTIONS = NO;
				ENABLE_STRICT_OBJC_MSGSEND = YES;
				ENABLE_USER_SCRIPT_SANDBOXING = YES;
				GCC_C_LANGUAGE_STANDARD = gnu17;
				GCC_NO_COMMON_BLOCKS = YES;
				GCC_WARN_64_TO_32_BIT_CONVERSION = YES;
				GCC_WARN_ABOUT_RETURN_TYPE = YES_ERROR;
				GCC_WARN_UNDECLARED_SELECTOR = YES;
				GCC_WARN_UNINITIALIZED_AUTOS = YES_AGGRESSIVE;
				GCC_WARN_UNUSED_FUNCTION = YES;
				GCC_WARN_UNUSED_VARIABLE = YES;
				LOCALIZATION_PREFERS_STRING_CATALOGS = YES;
				MTL_ENABLE_DEBUG_INFO = NO;
				MTL_FAST_MATH = YES;
				SWIFT_COMPILATION_MODE = wholemodule;
			};
			name = Release;
		};
		58B56C512C24A70900403C5B /* Debug */ = {
			isa = XCBuildConfiguration;
			buildSettings = {
				ASSETCATALOG_COMPILER_APPICON_NAME = AppIcon;
				ASSETCATALOG_COMPILER_GLOBAL_ACCENT_COLOR_NAME = AccentColor;
				CODE_SIGN_ENTITLEMENTS = SolidNative/SolidNative.entitlements;
				CODE_SIGN_STYLE = Automatic;
				CURRENT_PROJECT_VERSION = 1;
				DEVELOPMENT_ASSET_PATHS = "\"SolidNative/Preview Content\"";
				ENABLE_PREVIEWS = YES;
				GENERATE_INFOPLIST_FILE = YES;
				"INFOPLIST_KEY_UIApplicationSceneManifest_Generation[sdk=iphoneos*]" = YES;
				"INFOPLIST_KEY_UIApplicationSceneManifest_Generation[sdk=iphonesimulator*]" = YES;
				"INFOPLIST_KEY_UIApplicationSupportsIndirectInputEvents[sdk=iphoneos*]" = YES;
				"INFOPLIST_KEY_UIApplicationSupportsIndirectInputEvents[sdk=iphonesimulator*]" = YES;
				"INFOPLIST_KEY_UILaunchScreen_Generation[sdk=iphoneos*]" = YES;
				"INFOPLIST_KEY_UILaunchScreen_Generation[sdk=iphonesimulator*]" = YES;
				"INFOPLIST_KEY_UIStatusBarStyle[sdk=iphoneos*]" = UIStatusBarStyleDefault;
				"INFOPLIST_KEY_UIStatusBarStyle[sdk=iphonesimulator*]" = UIStatusBarStyleDefault;
				INFOPLIST_KEY_UISupportedInterfaceOrientations_iPad = "UIInterfaceOrientationPortrait UIInterfaceOrientationPortraitUpsideDown UIInterfaceOrientationLandscapeLeft UIInterfaceOrientationLandscapeRight";
				INFOPLIST_KEY_UISupportedInterfaceOrientations_iPhone = "UIInterfaceOrientationPortrait UIInterfaceOrientationLandscapeLeft UIInterfaceOrientationLandscapeRight";
				IPHONEOS_DEPLOYMENT_TARGET = 17.5;
				LD_RUNPATH_SEARCH_PATHS = "@executable_path/Frameworks";
				"LD_RUNPATH_SEARCH_PATHS[sdk=macosx*]" = "@executable_path/../Frameworks";
				MACOSX_DEPLOYMENT_TARGET = 14.5;
				MARKETING_VERSION = 1.0;
				PRODUCT_BUNDLE_IDENTIFIER = com.example.SolidNative;
				PRODUCT_NAME = "$(TARGET_NAME)";
				SDKROOT = auto;
				SUPPORTED_PLATFORMS = "iphoneos iphonesimulator macosx";
				SWIFT_EMIT_LOC_STRINGS = YES;
				SWIFT_VERSION = 5.0;
				TARGETED_DEVICE_FAMILY = "1,2";
			};
			name = Debug;
		};
		58B56C522C24A70900403C5B /* Release */ = {
			isa = XCBuildConfiguration;
			buildSettings = {
				ASSETCATALOG_COMPILER_APPICON_NAME = AppIcon;
				ASSETCATALOG_COMPILER_GLOBAL_ACCENT_COLOR_NAME = AccentColor;
				CODE_SIGN_ENTITLEMENTS = SolidNative/SolidNative.entitlements;
				CODE_SIGN_STYLE = Automatic;
				CURRENT_PROJECT_VERSION = 1;
				DEVELOPMENT_ASSET_PATHS = "\"SolidNative/Preview Content\"";
				ENABLE_PREVIEWS = YES;
				GENERATE_INFOPLIST_FILE = YES;
				"INFOPLIST_KEY_UIApplicationSceneManifest_Generation[sdk=iphoneos*]" = YES;
				"INFOPLIST_KEY_UIApplicationSceneManifest_Generation[sdk=iphonesimulator*]" = YES;
				"INFOPLIST_KEY_UIApplicationSupportsIndirectInputEvents[sdk=iphoneos*]" = YES;
				"INFOPLIST_KEY_UIApplicationSupportsIndirectInputEvents[sdk=iphonesimulator*]" = YES;
				"INFOPLIST_KEY_UILaunchScreen_Generation[sdk=iphoneos*]" = YES;
				"INFOPLIST_KEY_UILaunchScreen_Generation[sdk=iphonesimulator*]" = YES;
				"INFOPLIST_KEY_UIStatusBarStyle[sdk=iphoneos*]" = UIStatusBarStyleDefault;
				"INFOPLIST_KEY_UIStatusBarStyle[sdk=iphonesimulator*]" = UIStatusBarStyleDefault;
				INFOPLIST_KEY_UISupportedInterfaceOrientations_iPad = "UIInterfaceOrientationPortrait UIInterfaceOrientationPortraitUpsideDown UIInterfaceOrientationLandscapeLeft UIInterfaceOrientationLandscapeRight";
				INFOPLIST_KEY_UISupportedInterfaceOrientations_iPhone = "UIInterfaceOrientationPortrait UIInterfaceOrientationLandscapeLeft UIInterfaceOrientationLandscapeRight";
				IPHONEOS_DEPLOYMENT_TARGET = 17.5;
				LD_RUNPATH_SEARCH_PATHS = "@executable_path/Frameworks";
				"LD_RUNPATH_SEARCH_PATHS[sdk=macosx*]" = "@executable_path/../Frameworks";
				MACOSX_DEPLOYMENT_TARGET = 14.5;
				MARKETING_VERSION = 1.0;
				PRODUCT_BUNDLE_IDENTIFIER = com.example.SolidNative;
				PRODUCT_NAME = "$(TARGET_NAME)";
				SDKROOT = auto;
				SUPPORTED_PLATFORMS = "iphoneos iphonesimulator macosx";
				SWIFT_EMIT_LOC_STRINGS = YES;
				SWIFT_VERSION = 5.0;
				TARGETED_DEVICE_FAMILY = "1,2";
			};
			name = Release;
		};
		58B56C542C24A70900403C5B /* Debug */ = {
			isa = XCBuildConfiguration;
			buildSettings = {
				ALWAYS_EMBED_SWIFT_STANDARD_LIBRARIES = YES;
				BUNDLE_LOADER = "$(TEST_HOST)";
				CODE_SIGN_STYLE = Automatic;
				CURRENT_PROJECT_VERSION = 1;
				GENERATE_INFOPLIST_FILE = YES;
				IPHONEOS_DEPLOYMENT_TARGET = 17.5;
				MACOSX_DEPLOYMENT_TARGET = 14.5;
				MARKETING_VERSION = 1.0;
				PRODUCT_BUNDLE_IDENTIFIER = com.example.SolidNativeTests;
				PRODUCT_NAME = "$(TARGET_NAME)";
				SDKROOT = auto;
				SUPPORTED_PLATFORMS = "iphoneos iphonesimulator macosx";
				SWIFT_EMIT_LOC_STRINGS = NO;
				SWIFT_VERSION = 5.0;
				TARGETED_DEVICE_FAMILY = "1,2";
				TEST_HOST = "$(BUILT_PRODUCTS_DIR)/SolidNative.app/$(BUNDLE_EXECUTABLE_FOLDER_PATH)/SolidNative";
			};
			name = Debug;
		};
		58B56C552C24A70900403C5B /* Release */ = {
			isa = XCBuildConfiguration;
			buildSettings = {
				ALWAYS_EMBED_SWIFT_STANDARD_LIBRARIES = YES;
				BUNDLE_LOADER = "$(TEST_HOST)";
				CODE_SIGN_STYLE = Automatic;
				CURRENT_PROJECT_VERSION = 1;
				GENERATE_INFOPLIST_FILE = YES;
				IPHONEOS_DEPLOYMENT_TARGET = 17.5;
				MACOSX_DEPLOYMENT_TARGET = 14.5;
				MARKETING_VERSION = 1.0;
				PRODUCT_BUNDLE_IDENTIFIER = com.example.SolidNativeTests;
				PRODUCT_NAME = "$(TARGET_NAME)";
				SDKROOT = auto;
				SUPPORTED_PLATFORMS = "iphoneos iphonesimulator macosx";
				SWIFT_EMIT_LOC_STRINGS = NO;
				SWIFT_VERSION = 5.0;
				TARGETED_DEVICE_FAMILY = "1,2";
				TEST_HOST = "$(BUILT_PRODUCTS_DIR)/SolidNative.app/$(BUNDLE_EXECUTABLE_FOLDER_PATH)/SolidNative";
			};
			name = Release;
		};
		58B56C572C24A70900403C5B /* Debug */ = {
			isa = XCBuildConfiguration;
			buildSettings = {
				ALWAYS_EMBED_SWIFT_STANDARD_LIBRARIES = YES;
				CODE_SIGN_STYLE = Automatic;
				CURRENT_PROJECT_VERSION = 1;
				GENERATE_INFOPLIST_FILE = YES;
				IPHONEOS_DEPLOYMENT_TARGET = 17.5;
				MACOSX_DEPLOYMENT_TARGET = 14.5;
				MARKETING_VERSION = 1.0;
				PRODUCT_BUNDLE_IDENTIFIER = com.example.SolidNativeUITests;
				PRODUCT_NAME = "$(TARGET_NAME)";
				SDKROOT = auto;
				SUPPORTED_PLATFORMS = "iphoneos iphonesimulator macosx";
				SWIFT_EMIT_LOC_STRINGS = NO;
				SWIFT_VERSION = 5.0;
				TARGETED_DEVICE_FAMILY = "1,2";
				TEST_TARGET_NAME = SolidNative;
			};
			name = Debug;
		};
		58B56C582C24A70900403C5B /* Release */ = {
			isa = XCBuildConfiguration;
			buildSettings = {
				ALWAYS_EMBED_SWIFT_STANDARD_LIBRARIES = YES;
				CODE_SIGN_STYLE = Automatic;
				CURRENT_PROJECT_VERSION = 1;
				GENERATE_INFOPLIST_FILE = YES;
				IPHONEOS_DEPLOYMENT_TARGET = 17.5;
				MACOSX_DEPLOYMENT_TARGET = 14.5;
				MARKETING_VERSION = 1.0;
				PRODUCT_BUNDLE_IDENTIFIER = com.example.SolidNativeUITests;
				PRODUCT_NAME = "$(TARGET_NAME)";
				SDKROOT = auto;
				SUPPORTED_PLATFORMS = "iphoneos iphonesimulator macosx";
				SWIFT_EMIT_LOC_STRINGS = NO;
				SWIFT_VERSION = 5.0;
				TARGETED_DEVICE_FAMILY = "1,2";
				TEST_TARGET_NAME = SolidNative;
			};
			name = Release;
		};
/* End XCBuildConfiguration section */

/* Begin XCConfigurationList section */
		58B56C262C24A70800403C5B /* Build configuration list for PBXProject "SolidNative" */ = {
			isa = XCConfigurationList;
			buildConfigurations = (
				58B56C4E2C24A70900403C5B /* Debug */,
				58B56C4F2C24A70900403C5B /* Release */,
			);
			defaultConfigurationIsVisible = 0;
			defaultConfigurationName = Release;
		};
		58B56C502C24A70900403C5B /* Build configuration list for PBXNativeTarget "SolidNative" */ = {
			isa = XCConfigurationList;
			buildConfigurations = (
				58B56C512C24A70900403C5B /* Debug */,
				58B56C522C24A70900403C5B /* Release */,
			);
			defaultConfigurationIsVisible = 0;
			defaultConfigurationName = Release;
		};
		58B56C532C24A70900403C5B /* Build configuration list for PBXNativeTarget "SolidNativeTests" */ = {
			isa = XCConfigurationList;
			buildConfigurations = (
				58B56C542C24A70900403C5B /* Debug */,
				58B56C552C24A70900403C5B /* Release */,
			);
			defaultConfigurationIsVisible = 0;
			defaultConfigurationName = Release;
		};
		58B56C562C24A70900403C5B /* Build configuration list for PBXNativeTarget "SolidNativeUITests" */ = {
			isa = XCConfigurationList;
			buildConfigurations = (
				58B56C572C24A70900403C5B /* Debug */,
				58B56C582C24A70900403C5B /* Release */,
			);
			defaultConfigurationIsVisible = 0;
			defaultConfigurationName = Release;
		};
/* End XCConfigurationList section */

/* Begin XCLocalSwiftPackageReference section */
		58EC2BAF2C24AAA300D5FA11 /* XCLocalSwiftPackageReference "../nativecore/ios" */ = {
			isa = XCLocalSwiftPackageReference;
			relativePath = ../nativecore/ios;
		};
/* End XCLocalSwiftPackageReference section */

/* Begin XCSwiftPackageProductDependency section */
		58EC2BB02C24AAA400D5FA11 /* Snmobile */ = {
			isa = XCSwiftPackageProductDependency;
			productName = Snmobile;
		};
/* End XCSwiftPackageProductDependency section */
	};
	rootObject = 58B56C232C24A70800403C5B /* Project object */;
}
